<?xml version="1.0" encoding="utf-8"?>
<Project ToolsVersion="4.0" xmlns="http://schemas.microsoft.com/developer/msbuild/2003">
  <ItemGroup>
    <Filter Include="Headers">
      <UniqueIdentifier>{93995380-89BD-4b04-88EB-625FBE52EBFB}</UniqueIdentifier>
      <Extensions>h;hh;hpp;hxx;hm;inl;inc;ipp;xsd</Extensions>
    </Filter>
    <Filter Include="Sources">
      <UniqueIdentifier>{4FC737F1-C7A5-4376-A066-2A32D752A2FF}</UniqueIdentifier>
      <Extensions>cpp;c;cc;cxx;def;odl;idl;hpj;bat;asm;asmx</Extensions>
    </Filter>
    <Filter Include="Resources">
      <UniqueIdentifier>{67DA6AB6-F800-4c08-8B7A-83BB121AAD01}</UniqueIdentifier>
      <Extensions>rc;ico;cur;bmp;dlg;rc2;rct;bin;rgs;gif;jpg;jpeg;jpe;resx;tiff;tif;png;wav;mfcribbon-ms</Extensions>
    </Filter>
    <Filter Include="Sources\scintilla">
      <UniqueIdentifier>{b78f1e49-9a81-4ff4-a2c2-fc94a00ac550}</UniqueIdentifier>
    </Filter>
    <Filter Include="Headers\scintilla">
      <UniqueIdentifier>{f750be09-cd71-4808-a4b8-ababc212edb3}</UniqueIdentifier>
    </Filter>
    <Filter Include="Headers\scintilla\include">
      <UniqueIdentifier>{49e9be8c-e657-45f4-90f4-5e003c80d83b}</UniqueIdentifier>
    </Filter>
  </ItemGroup>
  <ItemGroup>
    <ClInclude Include="stdafx.h">
      <Filter>Headers</Filter>
    </ClInclude>
    <ClInclude Include="targetver.h">
      <Filter>Headers</Filter>
    </ClInclude>
    <ClInclude Include="Resource.h">
      <Filter>Headers</Filter>
    </ClInclude>
    <ClInclude Include="FMSLogo.h">
      <Filter>Headers</Filter>
    </ClInclude>
    <ClInclude Include="3dsolid.h">
      <Filter>Headers</Filter>
    </ClInclude>
    <ClInclude Include="aboutfmslogo.h">
      <Filter>Headers</Filter>
    </ClInclude>
    <ClInclude Include="aboutmultiplesclerosis.h">
      <Filter>Headers</Filter>
    </ClInclude>
    <ClInclude Include="activearea.h">
      <Filter>Headers</Filter>
    </ClInclude>
    <ClInclude Include="appendablelist.h">
      <Filter>Headers</Filter>
    </ClInclude>
    <ClInclude Include="argumentutils.h">
      <Filter>Headers</Filter>
    </ClInclude>
    <ClInclude Include="avltree.h">
      <Filter>Headers</Filter>
    </ClInclude>
    <ClInclude Include="commander.h">
      <Filter>Headers</Filter>
    </ClInclude>
    <ClInclude Include="commanderbutton.h">
      <Filter>Headers</Filter>
    </ClInclude>
    <ClInclude Include="commanderhistory.h">
      <Filter>Headers</Filter>
    </ClInclude>
    <ClInclude Include="commanderinput.h">
      <Filter>Headers</Filter>
    </ClInclude>
    <ClInclude Include="commandertogglebutton.h">
      <Filter>Headers</Filter>
    </ClInclude>
    <ClInclude Include="coms.h">
      <Filter>Headers</Filter>
    </ClInclude>
    <ClInclude Include="const.h">
      <Filter>Headers</Filter>
    </ClInclude>
    <ClInclude Include="cursor.h">
      <Filter>Headers</Filter>
    </ClInclude>
    <ClInclude Include="devwind.h">
      <Filter>Headers</Filter>
    </ClInclude>
    <ClInclude Include="dib.h">
      <Filter>Headers</Filter>
    </ClInclude>
    <ClInclude Include="dlgwind.h">
      <Filter>Headers</Filter>
    </ClInclude>
    <ClInclude Include="dllwind.h">
      <Filter>Headers</Filter>
    </ClInclude>
    <ClInclude Include="dynamicbuffer.h">
      <Filter>Headers</Filter>
    </ClInclude>
    <ClInclude Include="editproceduredialog.h">
      <Filter>Headers</Filter>
    </ClInclude>
    <ClInclude Include="eraseproceduredialog.h">
      <Filter>Headers</Filter>
    </ClInclude>
    <ClInclude Include="error.h">
      <Filter>Headers</Filter>
    </ClInclude>
    <ClInclude Include="eval.h">
      <Filter>Headers</Filter>
    </ClInclude>
    <ClInclude Include="files.h">
      <Filter>Headers</Filter>
    </ClInclude>
    <ClInclude Include="fileswnd.h">
      <Filter>Headers</Filter>
    </ClInclude>
    <ClInclude Include="fontutils.h">
      <Filter>Headers</Filter>
    </ClInclude>
    <ClInclude Include="gbm.h">
      <Filter>Headers</Filter>
    </ClInclude>
    <ClInclude Include="gbmbmp.h">
      <Filter>Headers</Filter>
    </ClInclude>
    <ClInclude Include="gbmgif.h">
      <Filter>Headers</Filter>
    </ClInclude>
    <ClInclude Include="gbmhelp.h">
      <Filter>Headers</Filter>
    </ClInclude>
    <ClInclude Include="graphics.h">
      <Filter>Headers</Filter>
    </ClInclude>
    <ClInclude Include="graphwin.h">
      <Filter>Headers</Filter>
    </ClInclude>
    <ClInclude Include="guiutils.h">
      <Filter>Headers</Filter>
    </ClInclude>
    <ClInclude Include="helputils.h">
      <Filter>Headers</Filter>
    </ClInclude>
    <ClInclude Include="ibmterm.h">
      <Filter>Headers</Filter>
    </ClInclude>
    <ClInclude Include="init.h">
      <Filter>Headers</Filter>
    </ClInclude>
    <ClInclude Include="intern.h">
      <Filter>Headers</Filter>
    </ClInclude>
    <ClInclude Include="lists.h">
      <Filter>Headers</Filter>
    </ClInclude>
    <ClInclude Include="localizednode.h">
      <Filter>Headers</Filter>
    </ClInclude>
    <ClInclude Include="localizedstrings.h">
      <Filter>Headers</Filter>
    </ClInclude>
    <ClInclude Include="logocodectrl.h">
      <Filter>Headers</Filter>
    </ClInclude>
    <ClInclude Include="logocore.h">
      <Filter>Headers</Filter>
    </ClInclude>
    <ClInclude Include="logodata.h">
      <Filter>Headers</Filter>
    </ClInclude>
    <ClInclude Include="logoeventqueue.h">
      <Filter>Headers</Filter>
    </ClInclude>
    <ClInclude Include="logomath.h">
      <Filter>Headers</Filter>
    </ClInclude>
    <ClInclude Include="logorc.h">
      <Filter>Headers</Filter>
    </ClInclude>
    <ClInclude Include="mainframe.h">
      <Filter>Headers</Filter>
    </ClInclude>
    <ClInclude Include="mainwind.h">
      <Filter>Headers</Filter>
    </ClInclude>
    <ClInclude Include="mem.h">
      <Filter>Headers</Filter>
    </ClInclude>
    <ClInclude Include="messagebox.h">
      <Filter>Headers</Filter>
    </ClInclude>
    <ClInclude Include="minieditor.h">
      <Filter>Headers</Filter>
    </ClInclude>
    <ClInclude Include="minieditortextctrl.h">
      <Filter>Headers</Filter>
    </ClInclude>
    <ClInclude Include="mmwind.h">
      <Filter>Headers</Filter>
    </ClInclude>
    <ClInclude Include="netwind.h">
      <Filter>Headers</Filter>
    </ClInclude>
    <ClInclude Include="paren.h">
      <Filter>Headers</Filter>
    </ClInclude>
    <ClInclude Include="parse.h">
      <Filter>Headers</Filter>
    </ClInclude>
    <ClInclude Include="print.h">
      <Filter>Headers</Filter>
    </ClInclude>
    <ClInclude Include="questionbox.h">
      <Filter>Headers</Filter>
    </ClInclude>
    <ClInclude Include="savebeforeexitdialog.h">
      <Filter>Headers</Filter>
    </ClInclude>
    <ClInclude Include="screen.h">
      <Filter>Headers</Filter>
    </ClInclude>
    <ClInclude Include="screenwindow.h">
      <Filter>Headers</Filter>
    </ClInclude>
    <ClInclude Include="selectbox.h">
      <Filter>Headers</Filter>
    </ClInclude>
    <ClInclude Include="selectproceduredialog.h">
      <Filter>Headers</Filter>
    </ClInclude>
    <ClInclude Include="selectstartupinstruction.h">
      <Filter>Headers</Filter>
    </ClInclude>
    <ClInclude Include="setactivearea.h">
      <Filter>Headers</Filter>
    </ClInclude>
    <ClInclude Include="setcolor.h">
      <Filter>Headers</Filter>
    </ClInclude>
    <ClInclude Include="setpensize.h">
      <Filter>Headers</Filter>
    </ClInclude>
    <ClInclude Include="smartnode.h">
      <Filter>Headers</Filter>
    </ClInclude>
    <ClInclude Include="sort.h">
      <Filter>Headers</Filter>
    </ClInclude>
    <ClInclude Include="startup.h">
      <Filter>Headers</Filter>
    </ClInclude>
    <ClInclude Include="status.h">
      <Filter>Headers</Filter>
    </ClInclude>
    <ClInclude Include="statusdialog.h">
      <Filter>Headers</Filter>
    </ClInclude>
    <ClInclude Include="stringadapter.h">
      <Filter>Headers</Filter>
    </ClInclude>
    <ClInclude Include="stringprintednode.h">
      <Filter>Headers</Filter>
    </ClInclude>
    <ClInclude Include="term.h">
      <Filter>Headers</Filter>
    </ClInclude>
    <ClInclude Include="threed.h">
      <Filter>Headers</Filter>
    </ClInclude>
    <ClInclude Include="unix.h">
      <Filter>Headers</Filter>
    </ClInclude>
    <ClInclude Include="utils.h">
      <Filter>Headers</Filter>
    </ClInclude>
    <ClInclude Include="vector.h">
      <Filter>Headers</Filter>
    </ClInclude>
    <ClInclude Include="workspaceeditor.h">
      <Filter>Headers</Filter>
    </ClInclude>
    <ClInclude Include="wrksp.h">
      <Filter>Headers</Filter>
    </ClInclude>
    <ClInclude Include="pch.h">
      <Filter>Headers</Filter>
    </ClInclude>
    <ClInclude Include="version.h">
      <Filter>Headers</Filter>
    </ClInclude>
    <ClInclude Include="localizedstrings-zh-cn-ucs2le.h">
      <Filter>Resources</Filter>
    </ClInclude>
    <ClInclude Include="localizedstrings-ru-ucs2le.h">
      <Filter>Resources</Filter>
    </ClInclude>
    <ClInclude Include="localizedstrings-pt-ucs2le.h">
      <Filter>Resources</Filter>
    </ClInclude>
    <ClInclude Include="localizedstrings-pl-ucs2le.h">
      <Filter>Resources</Filter>
    </ClInclude>
    <ClInclude Include="localizedstrings-it-ucs2le.h">
      <Filter>Resources</Filter>
    </ClInclude>
    <ClInclude Include="localizedstrings-hr-ucs2le.h">
      <Filter>Resources</Filter>
    </ClInclude>
    <ClInclude Include="localizedstrings-gr-ucs2le.h">
      <Filter>Resources</Filter>
    </ClInclude>
    <ClInclude Include="localizedstrings-fr-ucs2le.h">
      <Filter>Resources</Filter>
    </ClInclude>
    <ClInclude Include="localizedstrings-es-ucs2le.h">
      <Filter>Resources</Filter>
    </ClInclude>
    <ClInclude Include="localizedstrings-en-ucs2le.h">
      <Filter>Resources</Filter>
    </ClInclude>
    <ClInclude Include="localizedstrings-de-ucs2le.h">
      <Filter>Resources</Filter>
    </ClInclude>
    <ClInclude Include="CLocalizedStringProvider.h">
      <Filter>Headers</Filter>
    </ClInclude>
    <ClInclude Include="CTextStream.h">
      <Filter>Headers</Filter>
    </ClInclude>
    <ClInclude Include="CStringTextStream.h">
      <Filter>Headers</Filter>
    </ClInclude>
    <ClInclude Include="CMbcsFileTextStream.h">
      <Filter>Headers</Filter>
    </ClInclude>
    <ClInclude Include="CConstStringTextReadonlyStream.h">
      <Filter>Headers</Filter>
    </ClInclude>
    <ClInclude Include="CFileTextStream.h">
      <Filter>Headers</Filter>
    </ClInclude>
    <ClInclude Include="CNodePrinter.h">
      <Filter>Headers</Filter>
    </ClInclude>
    <ClInclude Include="CUTF8FileTextStream.h">
      <Filter>Headers</Filter>
    </ClInclude>
    <ClInclude Include="scintilla\SciLexer.h">
      <Filter>Headers\scintilla</Filter>
    </ClInclude>
    <ClInclude Include="scintilla\include\Accessor.h">
      <Filter>Headers\scintilla\include</Filter>
    </ClInclude>
    <ClInclude Include="scintilla\include\Catalogue.h">
      <Filter>Headers\scintilla\include</Filter>
    </ClInclude>
    <ClInclude Include="scintilla\include\CharacterSet.h">
      <Filter>Headers\scintilla\include</Filter>
    </ClInclude>
    <ClInclude Include="scintilla\include\ILexer.h">
      <Filter>Headers\scintilla\include</Filter>
    </ClInclude>
    <ClInclude Include="scintilla\include\LexAccessor.h">
      <Filter>Headers\scintilla\include</Filter>
    </ClInclude>
    <ClInclude Include="scintilla\include\LexerModule.h">
      <Filter>Headers\scintilla\include</Filter>
    </ClInclude>
    <ClInclude Include="scintilla\include\Scintilla.h">
      <Filter>Headers\scintilla\include</Filter>
    </ClInclude>
    <ClInclude Include="scintilla\include\StyleContext.h">
      <Filter>Headers\scintilla\include</Filter>
    </ClInclude>
    <ClInclude Include="scintilla\include\WordList.h">
      <Filter>Headers\scintilla\include</Filter>
    </ClInclude>
    <ClInclude Include="CUTF16FileTextStream.h">
      <Filter>Headers</Filter>
    </ClInclude>
    <ClInclude Include="CEncodingFileTextStream.h">
      <Filter>Headers</Filter>
    </ClInclude>
    <ClInclude Include="CEncodingConverter.h">
      <Filter>Headers</Filter>
    </ClInclude>
    <ClInclude Include="RtAudio.h">
      <Filter>Headers</Filter>
    </ClInclude>
    <ClInclude Include="CCheckQueueEvent.h">
      <Filter>Headers</Filter>
    </ClInclude>
  </ItemGroup>
  <ItemGroup>
    <ClCompile Include="stdafx.cpp">
      <Filter>Sources</Filter>
    </ClCompile>
    <ClCompile Include="FMSLogo.cpp">
      <Filter>Sources</Filter>
    </ClCompile>
    <ClCompile Include="3dsolid.cpp">
      <Filter>Sources</Filter>
    </ClCompile>
    <ClCompile Include="aboutfmslogo.cpp">
      <Filter>Sources</Filter>
    </ClCompile>
    <ClCompile Include="aboutmultiplesclerosis.cpp">
      <Filter>Sources</Filter>
    </ClCompile>
    <ClCompile Include="activearea.cpp">
      <Filter>Sources</Filter>
    </ClCompile>
    <ClCompile Include="appendablelist.cpp">
      <Filter>Sources</Filter>
    </ClCompile>
    <ClCompile Include="argumentutils.cpp">
      <Filter>Sources</Filter>
    </ClCompile>
    <ClCompile Include="avltree.cpp">
      <Filter>Sources</Filter>
    </ClCompile>
    <ClCompile Include="commander.cpp">
      <Filter>Sources</Filter>
    </ClCompile>
    <ClCompile Include="commanderbutton.cpp">
      <Filter>Sources</Filter>
    </ClCompile>
    <ClCompile Include="commanderhistory.cpp">
      <Filter>Sources</Filter>
    </ClCompile>
    <ClCompile Include="commanderinput.cpp">
      <Filter>Sources</Filter>
    </ClCompile>
    <ClCompile Include="commandertogglebutton.cpp">
      <Filter>Sources</Filter>
    </ClCompile>
    <ClCompile Include="coms.cpp">
      <Filter>Sources</Filter>
    </ClCompile>
    <ClCompile Include="cursor.cpp">
      <Filter>Sources</Filter>
    </ClCompile>
    <ClCompile Include="devwind.cpp">
      <Filter>Sources</Filter>
    </ClCompile>
    <ClCompile Include="dib.cpp">
      <Filter>Sources</Filter>
    </ClCompile>
    <ClCompile Include="dynamicbuffer.cpp">
      <Filter>Sources</Filter>
    </ClCompile>
    <ClCompile Include="editproceduredialog.cpp">
      <Filter>Sources</Filter>
    </ClCompile>
    <ClCompile Include="eraseproceduredialog.cpp">
      <Filter>Sources</Filter>
    </ClCompile>
    <ClCompile Include="error.cpp">
      <Filter>Sources</Filter>
    </ClCompile>
    <ClCompile Include="eval.cpp">
      <Filter>Sources</Filter>
    </ClCompile>
    <ClCompile Include="files.cpp">
      <Filter>Sources</Filter>
    </ClCompile>
    <ClCompile Include="fileswnd.cpp">
      <Filter>Sources</Filter>
    </ClCompile>
    <ClCompile Include="fontutils.cpp">
      <Filter>Sources</Filter>
    </ClCompile>
    <ClCompile Include="gbm.cpp">
      <Filter>Sources</Filter>
    </ClCompile>
    <ClCompile Include="gbmbmp.cpp">
      <Filter>Sources</Filter>
    </ClCompile>
    <ClCompile Include="gbmgif.cpp">
      <Filter>Sources</Filter>
    </ClCompile>
    <ClCompile Include="gbmhelp.cpp">
      <Filter>Sources</Filter>
    </ClCompile>
    <ClCompile Include="gbmsize.cpp">
      <Filter>Sources</Filter>
    </ClCompile>
    <ClCompile Include="graphics.cpp">
      <Filter>Sources</Filter>
    </ClCompile>
    <ClCompile Include="graphwin.cpp">
      <Filter>Sources</Filter>
    </ClCompile>
    <ClCompile Include="guiutils.cpp">
      <Filter>Sources</Filter>
    </ClCompile>
    <ClCompile Include="helputils.cpp">
      <Filter>Sources</Filter>
    </ClCompile>
    <ClCompile Include="ibmterm.cpp">
      <Filter>Sources</Filter>
    </ClCompile>
    <ClCompile Include="init.cpp">
      <Filter>Sources</Filter>
    </ClCompile>
    <ClCompile Include="intern.cpp">
      <Filter>Sources</Filter>
    </ClCompile>
    <ClCompile Include="lists.cpp">
      <Filter>Sources</Filter>
    </ClCompile>
    <ClCompile Include="localizednode.cpp">
      <Filter>Sources</Filter>
    </ClCompile>
    <ClCompile Include="logocodectrl.cpp">
      <Filter>Sources</Filter>
    </ClCompile>
    <ClCompile Include="logodata.cpp">
      <Filter>Sources</Filter>
    </ClCompile>
    <ClCompile Include="logodialogboxes.cpp">
      <Filter>Sources</Filter>
    </ClCompile>
    <ClCompile Include="logoeventqueue.cpp">
      <Filter>Sources</Filter>
    </ClCompile>
    <ClCompile Include="logomath.cpp">
      <Filter>Sources</Filter>
    </ClCompile>
    <ClCompile Include="mainframe.cpp">
      <Filter>Sources</Filter>
    </ClCompile>
    <ClCompile Include="mainwind.cpp">
      <Filter>Sources</Filter>
    </ClCompile>
    <ClCompile Include="mem.cpp">
      <Filter>Sources</Filter>
    </ClCompile>
    <ClCompile Include="messagebox.cpp">
      <Filter>Sources</Filter>
    </ClCompile>
    <ClCompile Include="minieditor.cpp">
      <Filter>Sources</Filter>
    </ClCompile>
    <ClCompile Include="minieditortextctrl.cpp">
      <Filter>Sources</Filter>
    </ClCompile>
    <ClCompile Include="mmwind.cpp">
      <Filter>Sources</Filter>
    </ClCompile>
    <ClCompile Include="netwind.cpp">
      <Filter>Sources</Filter>
    </ClCompile>
    <ClCompile Include="paren.cpp">
      <Filter>Sources</Filter>
    </ClCompile>
    <ClCompile Include="print.cpp">
      <Filter>Sources</Filter>
    </ClCompile>
    <ClCompile Include="questionbox.cpp">
      <Filter>Sources</Filter>
    </ClCompile>
    <ClCompile Include="savebeforeexitdialog.cpp">
      <Filter>Sources</Filter>
    </ClCompile>
    <ClCompile Include="screen.cpp">
      <Filter>Sources</Filter>
    </ClCompile>
    <ClCompile Include="selectbox.cpp">
      <Filter>Sources</Filter>
    </ClCompile>
    <ClCompile Include="selectproceduredialog.cpp">
      <Filter>Sources</Filter>
    </ClCompile>
    <ClCompile Include="selectstartupinstruction.cpp">
      <Filter>Sources</Filter>
    </ClCompile>
    <ClCompile Include="setactivearea.cpp">
      <Filter>Sources</Filter>
    </ClCompile>
    <ClCompile Include="setcolor.cpp">
      <Filter>Sources</Filter>
    </ClCompile>
    <ClCompile Include="setpensize.cpp">
      <Filter>Sources</Filter>
    </ClCompile>
    <ClCompile Include="sort.cpp">
      <Filter>Sources</Filter>
    </ClCompile>
    <ClCompile Include="startup.cpp">
      <Filter>Sources</Filter>
    </ClCompile>
    <ClCompile Include="statusdialog.cpp">
      <Filter>Sources</Filter>
    </ClCompile>
    <ClCompile Include="stringprintednode.cpp">
      <Filter>Sources</Filter>
    </ClCompile>
    <ClCompile Include="term.cpp">
      <Filter>Sources</Filter>
    </ClCompile>
    <ClCompile Include="threed.cpp">
      <Filter>Sources</Filter>
    </ClCompile>
    <ClCompile Include="unix.cpp">
      <Filter>Sources</Filter>
    </ClCompile>
    <ClCompile Include="utils.cpp">
      <Filter>Sources</Filter>
    </ClCompile>
    <ClCompile Include="vector.cpp">
      <Filter>Sources</Filter>
    </ClCompile>
    <ClCompile Include="workspaceeditor.cpp">
      <Filter>Sources</Filter>
    </ClCompile>
    <ClCompile Include="wrksp.cpp">
      <Filter>Sources</Filter>
    </ClCompile>
    <ClCompile Include="dllwind.cpp">
      <Filter>Sources</Filter>
    </ClCompile>
    <ClCompile Include="localizedstrings.cpp">
      <Filter>Sources</Filter>
    </ClCompile>
    <ClCompile Include="CLocalizedStringProvider.cpp">
      <Filter>Sources</Filter>
    </ClCompile>
    <ClCompile Include="CTextStream.cpp">
      <Filter>Sources</Filter>
    </ClCompile>
    <ClCompile Include="CStringTextStream.cpp">
      <Filter>Sources</Filter>
    </ClCompile>
    <ClCompile Include="CMbcsFileTextStream.cpp">
      <Filter>Sources</Filter>
    </ClCompile>
    <ClCompile Include="CConstStringTextReadonlyStream.cpp">
      <Filter>Sources</Filter>
    </ClCompile>
    <ClCompile Include="CFileTextStream.cpp">
      <Filter>Sources</Filter>
    </ClCompile>
    <ClCompile Include="parse.cpp">
      <Filter>Sources</Filter>
    </ClCompile>
    <ClCompile Include="CNodePrinter.cpp">
      <Filter>Sources</Filter>
    </ClCompile>
    <ClCompile Include="CUTF8FileTextStream.cpp">
      <Filter>Sources</Filter>
    </ClCompile>
    <ClCompile Include="scintilla\LexFmsLogo.cxx">
      <Filter>Sources\scintilla</Filter>
    </ClCompile>
    <ClCompile Include="scintilla\LexFmsLogoRegisterer.cxx">
      <Filter>Sources\scintilla</Filter>
    </ClCompile>
    <ClCompile Include="CUTF16FileTextStream.cpp">
      <Filter>Sources</Filter>
    </ClCompile>
    <ClCompile Include="CEncodingFileTextStream.cpp">
      <Filter>Sources</Filter>
    </ClCompile>
    <ClCompile Include="CEncodingConverter.cpp">
      <Filter>Sources</Filter>
    </ClCompile>
    <ClCompile Include="RtAudio.cpp">
      <Filter>Sources</Filter>
    </ClCompile>
    <ClCompile Include="sound.cpp">
      <Filter>Sources</Filter>
    </ClCompile>
    <ClCompile Include="CCheckQueueEvent.cpp">
      <Filter>Sources</Filter>
    </ClCompile>
  </ItemGroup>
  <ItemGroup>
    <ResourceCompile Include="FMSLogo.rc">
      <Filter>Resources</Filter>
    </ResourceCompile>
  </ItemGroup>
  <ItemGroup>
    <Image Include="small.ico">
      <Filter>Resources</Filter>
    </Image>
    <Image Include="FMSLogo.ico">
      <Filter>Resources</Filter>
    </Image>
    <Image Include="wx\msw\std.ico">
      <Filter>Resources</Filter>
    </Image>
    <Image Include="wx\msw\folder1.ico">
      <Filter>Resources</Filter>
    </Image>
    <Image Include="wx\msw\folder2.ico">
      <Filter>Resources</Filter>
    </Image>
    <Image Include="wx\msw\file1.ico">
      <Filter>Resources</Filter>
    </Image>
    <Image Include="wx\msw\computer.ico">
      <Filter>Resources</Filter>
    </Image>
    <Image Include="wx\msw\drive.ico">
      <Filter>Resources</Filter>
    </Image>
    <Image Include="wx\msw\cdrom.ico">
      <Filter>Resources</Filter>
    </Image>
    <Image Include="wx\msw\floppy.ico">
      <Filter>Resources</Filter>
    </Image>
    <Image Include="wx\msw\removble.ico">
      <Filter>Resources</Filter>
    </Image>
    <Image Include="wx\msw\csquery.bmp">
      <Filter>Resources</Filter>
    </Image>
    <Image Include="wx\msw\colours.bmp">
      <Filter>Resources</Filter>
    </Image>
  </ItemGroup>
  <ItemGroup>
    <MASM Include="helpers32.asm">
      <Filter>Sources</Filter>
    </MASM>
    <MASM Include="helpers64.asm">
      <Filter>Sources</Filter>
    </MASM>
  </ItemGroup>
  <ItemGroup>
    <CopyFileToFolders Include="startup.logoscript">
      <Filter>Resources</Filter>
    </CopyFileToFolders>
  </ItemGroup>
  <ItemGroup>
    <None Include="wx\msw\localize.bin">
      <Filter>Resources</Filter>
    </None>
    <None Include="wx\msw\hand.cur">
      <Filter>Resources</Filter>
    </None>
    <None Include="wx\msw\bullseye.cur">
      <Filter>Resources</Filter>
    </None>
    <None Include="wx\msw\pencil.cur">
      <Filter>Resources</Filter>
    </None>
    <None Include="wx\msw\magnif1.cur">
      <Filter>Resources</Filter>
    </None>
    <None Include="wx\msw\roller.cur">
      <Filter>Resources</Filter>
    </None>
    <None Include="wx\msw\pbrush.cur">
      <Filter>Resources</Filter>
    </None>
    <None Include="wx\msw\pntleft.cur">
      <Filter>Resources</Filter>
    </None>
    <None Include="wx\msw\pntright.cur">
      <Filter>Resources</Filter>
    </None>
    <None Include="wx\msw\blank.cur">
      <Filter>Resources</Filter>
    </None>
    <None Include="wx\msw\cross.cur">
      <Filter>Resources</Filter>
    </None>
  </ItemGroup>
</Project>