// !$*UTF8*$!
{
	archiveVersion = 1;
	classes = {
	};
	objectVersion = 50;
	objects = {

/* Begin PBXBuildFile section */
		E10D018921DECD44008F7B8C /* 3dsolid.cpp in Sources */ = {isa = PBXBuildFile; fileRef = E10D018821DECD44008F7B8C /* 3dsolid.cpp */; };
		E10D019B21DECDA3008F7B8C /* CConstStringTextReadonlyStream.cpp in Sources */ = {isa = PBXBuildFile; fileRef = E10D018C21DECDA2008F7B8C /* CConstStringTextReadonlyStream.cpp */; };
		E10D019C21DECDA3008F7B8C /* argumentutils.cpp in Sources */ = {isa = PBXBuildFile; fileRef = E10D018F21DECDA2008F7B8C /* argumentutils.cpp */; };
		E10D019D21DECDA3008F7B8C /* CFileTextStream.cpp in Sources */ = {isa = PBXBuildFile; fileRef = E10D019221DECDA3008F7B8C /* CFileTextStream.cpp */; };
		E10D019E21DECDA3008F7B8C /* activearea.cpp in Sources */ = {isa = PBXBuildFile; fileRef = E10D019521DECDA3008F7B8C /* activearea.cpp */; };
		E10D019F21DECDA3008F7B8C /* aboutfmslogo.cpp in Sources */ = {isa = PBXBuildFile; fileRef = E10D019721DECDA3008F7B8C /* aboutfmslogo.cpp */; };
		E10D01A021DECDA3008F7B8C /* appendablelist.cpp in Sources */ = {isa = PBXBuildFile; fileRef = E10D019821DECDA3008F7B8C /* appendablelist.cpp */; };
		E10D01A121DECDA3008F7B8C /* avltree.cpp in Sources */ = {isa = PBXBuildFile; fileRef = E10D019921DECDA3008F7B8C /* avltree.cpp */; };
		E10D01A221DECDA3008F7B8C /* aboutmultiplesclerosis.cpp in Sources */ = {isa = PBXBuildFile; fileRef = E10D019A21DECDA3008F7B8C /* aboutmultiplesclerosis.cpp */; };
		E10D01B521DECDC0008F7B8C /* coms.cpp in Sources */ = {isa = PBXBuildFile; fileRef = E10D01A321DECDBE008F7B8C /* coms.cpp */; };
		E10D01B621DECDC0008F7B8C /* commanderinput.cpp in Sources */ = {isa = PBXBuildFile; fileRef = E10D01A421DECDBE008F7B8C /* commanderinput.cpp */; };
		E10D01B721DECDC0008F7B8C /* CNodePrinter.cpp in Sources */ = {isa = PBXBuildFile; fileRef = E10D01A621DECDBE008F7B8C /* CNodePrinter.cpp */; };
		E10D01B821DECDC0008F7B8C /* commander.cpp in Sources */ = {isa = PBXBuildFile; fileRef = E10D01A721DECDBE008F7B8C /* commander.cpp */; };
		E10D01B921DECDC0008F7B8C /* commandertogglebutton.cpp in Sources */ = {isa = PBXBuildFile; fileRef = E10D01A921DECDBE008F7B8C /* commandertogglebutton.cpp */; };
		E10D01BA21DECDC0008F7B8C /* CMbcsFileTextStream.cpp in Sources */ = {isa = PBXBuildFile; fileRef = E10D01AA21DECDBE008F7B8C /* CMbcsFileTextStream.cpp */; };
		E10D01BB21DECDC0008F7B8C /* CLocalizedStringProvider.cpp in Sources */ = {isa = PBXBuildFile; fileRef = E10D01AF21DECDBF008F7B8C /* CLocalizedStringProvider.cpp */; };
		E10D01BC21DECDC0008F7B8C /* commanderhistory.cpp in Sources */ = {isa = PBXBuildFile; fileRef = E10D01B221DECDBF008F7B8C /* commanderhistory.cpp */; };
		E10D01BD21DECDC0008F7B8C /* commanderbutton.cpp in Sources */ = {isa = PBXBuildFile; fileRef = E10D01B321DECDBF008F7B8C /* commanderbutton.cpp */; };
		E10D01C721DECDD5008F7B8C /* CStringTextStream.cpp in Sources */ = {isa = PBXBuildFile; fileRef = E10D01BE21DECDD4008F7B8C /* CStringTextStream.cpp */; };
		E10D01C821DECDD5008F7B8C /* cursor.cpp in Sources */ = {isa = PBXBuildFile; fileRef = E10D01C021DECDD4008F7B8C /* cursor.cpp */; };
		E10D01C921DECDD5008F7B8C /* CTextStream.cpp in Sources */ = {isa = PBXBuildFile; fileRef = E10D01C221DECDD4008F7B8C /* CTextStream.cpp */; };
		E10D01DE21DECDFF008F7B8C /* dynamicbuffer.cpp in Sources */ = {isa = PBXBuildFile; fileRef = E10D01D521DECDFE008F7B8C /* dynamicbuffer.cpp */; };
		E10D01DF21DECDFF008F7B8C /* devwind.cpp in Sources */ = {isa = PBXBuildFile; fileRef = E10D01D721DECDFE008F7B8C /* devwind.cpp */; };
		E10D01E021DECDFF008F7B8C /* error.cpp in Sources */ = {isa = PBXBuildFile; fileRef = E10D01D821DECDFE008F7B8C /* error.cpp */; };
		E10D01E121DECDFF008F7B8C /* editproceduredialog.cpp in Sources */ = {isa = PBXBuildFile; fileRef = E10D01D921DECDFE008F7B8C /* editproceduredialog.cpp */; };
		E10D01E221DECDFF008F7B8C /* eraseproceduredialog.cpp in Sources */ = {isa = PBXBuildFile; fileRef = E10D01DA21DECDFE008F7B8C /* eraseproceduredialog.cpp */; };
		E10D01E321DECDFF008F7B8C /* eval.cpp in Sources */ = {isa = PBXBuildFile; fileRef = E10D01DB21DECDFE008F7B8C /* eval.cpp */; };
		E10D01E821DECE0F008F7B8C /* files.cpp in Sources */ = {isa = PBXBuildFile; fileRef = E10D01E421DECE0F008F7B8C /* files.cpp */; };
		E10D01E921DECE0F008F7B8C /* fileswnd.cpp in Sources */ = {isa = PBXBuildFile; fileRef = E10D01E521DECE0F008F7B8C /* fileswnd.cpp */; };
		E10D01EC21DECE22008F7B8C /* FMSLogo.cpp in Sources */ = {isa = PBXBuildFile; fileRef = E10D01EA21DECE22008F7B8C /* FMSLogo.cpp */; };
		E10D01FE21DECE39008F7B8C /* gbmgif.cpp in Sources */ = {isa = PBXBuildFile; fileRef = E10D01ED21DECE37008F7B8C /* gbmgif.cpp */; };
		E10D01FF21DECE39008F7B8C /* gbm.cpp in Sources */ = {isa = PBXBuildFile; fileRef = E10D01EF21DECE38008F7B8C /* gbm.cpp */; };
		E10D020021DECE39008F7B8C /* graphics.cpp in Sources */ = {isa = PBXBuildFile; fileRef = E10D01F221DECE38008F7B8C /* graphics.cpp */; };
		E10D020121DECE39008F7B8C /* gbmbmp.cpp in Sources */ = {isa = PBXBuildFile; fileRef = E10D01F421DECE38008F7B8C /* gbmbmp.cpp */; };
		E10D020221DECE39008F7B8C /* gbmhelp.cpp in Sources */ = {isa = PBXBuildFile; fileRef = E10D01F521DECE38008F7B8C /* gbmhelp.cpp */; };
		E10D020321DECE39008F7B8C /* guiutils.cpp in Sources */ = {isa = PBXBuildFile; fileRef = E10D01F821DECE39008F7B8C /* guiutils.cpp */; };
		E10D020421DECE39008F7B8C /* gbmsize.cpp in Sources */ = {isa = PBXBuildFile; fileRef = E10D01FB21DECE39008F7B8C /* gbmsize.cpp */; };
		E10D020521DECE39008F7B8C /* graphwin.cpp in Sources */ = {isa = PBXBuildFile; fileRef = E10D01FC21DECE39008F7B8C /* graphwin.cpp */; };
		E10D020621DECE39008F7B8C /* fontutils.cpp in Sources */ = {isa = PBXBuildFile; fileRef = E10D01FD21DECE39008F7B8C /* fontutils.cpp */; };
		E10D020D21DECE51008F7B8C /* ibmterm.cpp in Sources */ = {isa = PBXBuildFile; fileRef = E10D020721DECE50008F7B8C /* ibmterm.cpp */; };
		E10D020E21DECE51008F7B8C /* helputils.cpp in Sources */ = {isa = PBXBuildFile; fileRef = E10D020A21DECE50008F7B8C /* helputils.cpp */; };
		E10D020F21DECE51008F7B8C /* init.cpp in Sources */ = {isa = PBXBuildFile; fileRef = E10D020B21DECE50008F7B8C /* init.cpp */; };
		E10D023921DECE73008F7B8C /* logocodectrl.cpp in Sources */ = {isa = PBXBuildFile; fileRef = E10D021121DECE6E008F7B8C /* logocodectrl.cpp */; };
		E10D023A21DECE73008F7B8C /* logodata.cpp in Sources */ = {isa = PBXBuildFile; fileRef = E10D021521DECE6F008F7B8C /* logodata.cpp */; };
		E10D023B21DECE73008F7B8C /* logoeventqueue.cpp in Sources */ = {isa = PBXBuildFile; fileRef = E10D021F21DECE70008F7B8C /* logoeventqueue.cpp */; };
		E10D023C21DECE73008F7B8C /* lists.cpp in Sources */ = {isa = PBXBuildFile; fileRef = E10D022221DECE70008F7B8C /* lists.cpp */; };
		E10D023D21DECE73008F7B8C /* logodialogboxes.cpp in Sources */ = {isa = PBXBuildFile; fileRef = E10D022C21DECE72008F7B8C /* logodialogboxes.cpp */; };
		E10D023E21DECE73008F7B8C /* intern.cpp in Sources */ = {isa = PBXBuildFile; fileRef = E10D023021DECE72008F7B8C /* intern.cpp */; };
		E10D023F21DECE73008F7B8C /* localizedstrings.cpp in Sources */ = {isa = PBXBuildFile; fileRef = E10D023421DECE73008F7B8C /* localizedstrings.cpp */; };
		E10D024021DECE73008F7B8C /* localizednode.cpp in Sources */ = {isa = PBXBuildFile; fileRef = E10D023521DECE73008F7B8C /* localizednode.cpp */; };
		E10D024821DECE87008F7B8C /* logomath.cpp in Sources */ = {isa = PBXBuildFile; fileRef = E10D024221DECE86008F7B8C /* logomath.cpp */; };
		E10D024921DECE87008F7B8C /* mainframe.cpp in Sources */ = {isa = PBXBuildFile; fileRef = E10D024321DECE86008F7B8C /* mainframe.cpp */; };
		E10D024A21DECE87008F7B8C /* mainwind.cpp in Sources */ = {isa = PBXBuildFile; fileRef = E10D024521DECE86008F7B8C /* mainwind.cpp */; };
		E10D025C21DECE9E008F7B8C /* messagebox.cpp in Sources */ = {isa = PBXBuildFile; fileRef = E10D024B21DECE9C008F7B8C /* messagebox.cpp */; };
		E10D025D21DECE9E008F7B8C /* mem.cpp in Sources */ = {isa = PBXBuildFile; fileRef = E10D024C21DECE9C008F7B8C /* mem.cpp */; };
		E10D025E21DECE9E008F7B8C /* parse.cpp in Sources */ = {isa = PBXBuildFile; fileRef = E10D025121DECE9D008F7B8C /* parse.cpp */; };
		E10D025F21DECE9E008F7B8C /* minieditortextctrl.cpp in Sources */ = {isa = PBXBuildFile; fileRef = E10D025221DECE9D008F7B8C /* minieditortextctrl.cpp */; };
		E10D026221DECE9E008F7B8C /* minieditor.cpp in Sources */ = {isa = PBXBuildFile; fileRef = E10D025A21DECE9E008F7B8C /* minieditor.cpp */; };
		E10D026321DECE9E008F7B8C /* paren.cpp in Sources */ = {isa = PBXBuildFile; fileRef = E10D025B21DECE9E008F7B8C /* paren.cpp */; };
		E10D026921DECEB9008F7B8C /* print.cpp in Sources */ = {isa = PBXBuildFile; fileRef = E10D026421DECEB8008F7B8C /* print.cpp */; };
		E10D026A21DECEB9008F7B8C /* questionbox.cpp in Sources */ = {isa = PBXBuildFile; fileRef = E10D026721DECEB8008F7B8C /* questionbox.cpp */; };
		E10D026E21DECECB008F7B8C /* savebeforeexitdialog.cpp in Sources */ = {isa = PBXBuildFile; fileRef = E10D026C21DECECA008F7B8C /* savebeforeexitdialog.cpp */; };
		E10D027121DECEDF008F7B8C /* screen.cpp in Sources */ = {isa = PBXBuildFile; fileRef = E10D026F21DECEDF008F7B8C /* screen.cpp */; };
		E10D027F21DECEF9008F7B8C /* selectbox.cpp in Sources */ = {isa = PBXBuildFile; fileRef = E10D027321DECEF7008F7B8C /* selectbox.cpp */; };
		E10D028021DECEF9008F7B8C /* setactivearea.cpp in Sources */ = {isa = PBXBuildFile; fileRef = E10D027421DECEF7008F7B8C /* setactivearea.cpp */; };
		E10D028121DECEF9008F7B8C /* selectproceduredialog.cpp in Sources */ = {isa = PBXBuildFile; fileRef = E10D027521DECEF8008F7B8C /* selectproceduredialog.cpp */; };
		E10D028221DECEF9008F7B8C /* setcolor.cpp in Sources */ = {isa = PBXBuildFile; fileRef = E10D027721DECEF8008F7B8C /* setcolor.cpp */; };
		E10D028321DECEF9008F7B8C /* selectstartupinstruction.cpp in Sources */ = {isa = PBXBuildFile; fileRef = E10D027D21DECEF9008F7B8C /* selectstartupinstruction.cpp */; };
		E10D028421DECEF9008F7B8C /* setpensize.cpp in Sources */ = {isa = PBXBuildFile; fileRef = E10D027E21DECEF9008F7B8C /* setpensize.cpp */; };
		E10D028921DECF0F008F7B8C /* sort.cpp in Sources */ = {isa = PBXBuildFile; fileRef = E10D028621DECF0F008F7B8C /* sort.cpp */; };
		E10D029921DECF37008F7B8C /* term.cpp in Sources */ = {isa = PBXBuildFile; fileRef = E10D028D21DECF35008F7B8C /* term.cpp */; };
		E10D029A21DECF37008F7B8C /* startup.cpp in Sources */ = {isa = PBXBuildFile; fileRef = E10D028F21DECF36008F7B8C /* startup.cpp */; };
		E10D029B21DECF37008F7B8C /* stringprintednode.cpp in Sources */ = {isa = PBXBuildFile; fileRef = E10D029121DECF36008F7B8C /* stringprintednode.cpp */; };
		E10D029C21DECF37008F7B8C /* statusdialog.cpp in Sources */ = {isa = PBXBuildFile; fileRef = E10D029521DECF37008F7B8C /* statusdialog.cpp */; };
		E10D02AC21DECF56008F7B8C /* unix.cpp in Sources */ = {isa = PBXBuildFile; fileRef = E10D029D21DECF54008F7B8C /* unix.cpp */; };
		E10D02AD21DECF56008F7B8C /* vector.cpp in Sources */ = {isa = PBXBuildFile; fileRef = E10D029E21DECF54008F7B8C /* vector.cpp */; };
		E10D02AE21DECF56008F7B8C /* threed.cpp in Sources */ = {isa = PBXBuildFile; fileRef = E10D029F21DECF54008F7B8C /* threed.cpp */; };
		E10D02AF21DECF56008F7B8C /* workspaceeditor.cpp in Sources */ = {isa = PBXBuildFile; fileRef = E10D02A621DECF55008F7B8C /* workspaceeditor.cpp */; };
		E10D02B021DECF56008F7B8C /* wxpurestubs.cpp in Sources */ = {isa = PBXBuildFile; fileRef = E10D02A721DECF56008F7B8C /* wxpurestubs.cpp */; };
		E10D02B121DECF56008F7B8C /* wrksp.cpp in Sources */ = {isa = PBXBuildFile; fileRef = E10D02A821DECF56008F7B8C /* wrksp.cpp */; };
		E10D02B221DECF56008F7B8C /* utils.cpp in Sources */ = {isa = PBXBuildFile; fileRef = E10D02AB21DECF56008F7B8C /* utils.cpp */; };
		E10D02C921DED98A008F7B8C /* libwx_osx_cocoau_webview-3.1.a in Frameworks */ = {isa = PBXBuildFile; fileRef = E10D02B421DED989008F7B8C /* libwx_osx_cocoau_webview-3.1.a */; };
		E10D02CA21DED98A008F7B8C /* libwxpng-3.1.a in Frameworks */ = {isa = PBXBuildFile; fileRef = E10D02B521DED989008F7B8C /* libwxpng-3.1.a */; };
		E10D02CB21DED98A008F7B8C /* libwx_osx_cocoau_richtext-3.1.a in Frameworks */ = {isa = PBXBuildFile; fileRef = E10D02B621DED989008F7B8C /* libwx_osx_cocoau_richtext-3.1.a */; };
		E10D02CC21DED98A008F7B8C /* libwx_osx_cocoau_ribbon-3.1.a in Frameworks */ = {isa = PBXBuildFile; fileRef = E10D02B721DED989008F7B8C /* libwx_osx_cocoau_ribbon-3.1.a */; };
		E10D02CD21DED98A008F7B8C /* libwxregexu-3.1.a in Frameworks */ = {isa = PBXBuildFile; fileRef = E10D02B821DED989008F7B8C /* libwxregexu-3.1.a */; };
		E10D02CE21DED98A008F7B8C /* libwxscintilla-3.1.a in Frameworks */ = {isa = PBXBuildFile; fileRef = E10D02B921DED989008F7B8C /* libwxscintilla-3.1.a */; };
		E10D02CF21DED98A008F7B8C /* libwx_osx_cocoau_stc-3.1.a in Frameworks */ = {isa = PBXBuildFile; fileRef = E10D02BA21DED989008F7B8C /* libwx_osx_cocoau_stc-3.1.a */; };
		E10D02D021DED98A008F7B8C /* libwx_osx_cocoau_xrc-3.1.a in Frameworks */ = {isa = PBXBuildFile; fileRef = E10D02BB21DED989008F7B8C /* libwx_osx_cocoau_xrc-3.1.a */; };
		E10D02D221DED98A008F7B8C /* libwx_osx_cocoau_gl-3.1.a in Frameworks */ = {isa = PBXBuildFile; fileRef = E10D02BD21DED98A008F7B8C /* libwx_osx_cocoau_gl-3.1.a */; };
		E10D02D321DED98A008F7B8C /* libwx_osx_cocoau_propgrid-3.1.a in Frameworks */ = {isa = PBXBuildFile; fileRef = E10D02BE21DED98A008F7B8C /* libwx_osx_cocoau_propgrid-3.1.a */; };
		E10D02D421DED98A008F7B8C /* libwx_osx_cocoau_qa-3.1.a in Frameworks */ = {isa = PBXBuildFile; fileRef = E10D02BF21DED98A008F7B8C /* libwx_osx_cocoau_qa-3.1.a */; };
		E10D02D521DED98A008F7B8C /* libwx_osx_cocoau_adv-3.1.a in Frameworks */ = {isa = PBXBuildFile; fileRef = E10D02C021DED98A008F7B8C /* libwx_osx_cocoau_adv-3.1.a */; };
		E10D02D621DED98A008F7B8C /* libwx_osx_cocoau_html-3.1.a in Frameworks */ = {isa = PBXBuildFile; fileRef = E10D02C121DED98A008F7B8C /* libwx_osx_cocoau_html-3.1.a */; };
		E10D02D721DED98A008F7B8C /* libwx_osx_cocoau_aui-3.1.a in Frameworks */ = {isa = PBXBuildFile; fileRef = E10D02C221DED98A008F7B8C /* libwx_osx_cocoau_aui-3.1.a */; };
		E10D02D821DED98A008F7B8C /* libwx_osx_cocoau_media-3.1.a in Frameworks */ = {isa = PBXBuildFile; fileRef = E10D02C321DED98A008F7B8C /* libwx_osx_cocoau_media-3.1.a */; };
		E10D02D921DED98A008F7B8C /* libwx_osx_cocoau_core-3.1.a in Frameworks */ = {isa = PBXBuildFile; fileRef = E10D02C421DED98A008F7B8C /* libwx_osx_cocoau_core-3.1.a */; };
		E10D02DA21DED98A008F7B8C /* libwx_baseu_net-3.1.a in Frameworks */ = {isa = PBXBuildFile; fileRef = E10D02C521DED98A008F7B8C /* libwx_baseu_net-3.1.a */; };
		E10D02DB21DED98A008F7B8C /* libwx_baseu-3.1.a in Frameworks */ = {isa = PBXBuildFile; fileRef = E10D02C621DED98A008F7B8C /* libwx_baseu-3.1.a */; };
		E10D02DC21DED98A008F7B8C /* libwxjpeg-3.1.a in Frameworks */ = {isa = PBXBuildFile; fileRef = E10D02C721DED98A008F7B8C /* libwxjpeg-3.1.a */; };
		E10D02DD21DED98A008F7B8C /* libwx_baseu_xml-3.1.a in Frameworks */ = {isa = PBXBuildFile; fileRef = E10D02C821DED98A008F7B8C /* libwx_baseu_xml-3.1.a */; };
		E10D02DF21DEDC78008F7B8C /* CoreFoundation.framework in Frameworks */ = {isa = PBXBuildFile; fileRef = E10D02DE21DEDC78008F7B8C /* CoreFoundation.framework */; };
		E10D02E121DEDC9F008F7B8C /* CoreGraphics.framework in Frameworks */ = {isa = PBXBuildFile; fileRef = E10D02E021DEDC9F008F7B8C /* CoreGraphics.framework */; };
		E10D02E321DEDCCF008F7B8C /* CoreImage.framework in Frameworks */ = {isa = PBXBuildFile; fileRef = E10D02E221DEDCCF008F7B8C /* CoreImage.framework */; };
		E10D02E521DEDD08008F7B8C /* CoreText.framework in Frameworks */ = {isa = PBXBuildFile; fileRef = E10D02E421DEDD08008F7B8C /* CoreText.framework */; };
		E10D02E721DEDD3E008F7B8C /* CFNetwork.framework in Frameworks */ = {isa = PBXBuildFile; fileRef = E10D02E621DEDD3E008F7B8C /* CFNetwork.framework */; };
		E10D02EB21DEDDB6008F7B8C /* Foundation.framework in Frameworks */ = {isa = PBXBuildFile; fileRef = E10D02EA21DEDDB5008F7B8C /* Foundation.framework */; };
		E10D02ED21DEDE52008F7B8C /* ImageIO.framework in Frameworks */ = {isa = PBXBuildFile; fileRef = E10D02EC21DEDE52008F7B8C /* ImageIO.framework */; };
		E10D02EF21DEDEAF008F7B8C /* Carbon.framework in Frameworks */ = {isa = PBXBuildFile; fileRef = E10D02EE21DEDEAF008F7B8C /* Carbon.framework */; };
		E10D02F121DEDF90008F7B8C /* IOKit.framework in Frameworks */ = {isa = PBXBuildFile; fileRef = E10D02F021DEDF90008F7B8C /* IOKit.framework */; };
		E10D02F321DEDFA5008F7B8C /* AudioToolbox.framework in Frameworks */ = {isa = PBXBuildFile; fileRef = E10D02F221DEDFA5008F7B8C /* AudioToolbox.framework */; };
		E10D02F521DEDFC5008F7B8C /* OpenGL.framework in Frameworks */ = {isa = PBXBuildFile; fileRef = E10D02F421DEDFC5008F7B8C /* OpenGL.framework */; };
		E10D02F721DEE004008F7B8C /* WebKit.framework in Frameworks */ = {isa = PBXBuildFile; fileRef = E10D02F621DEE004008F7B8C /* WebKit.framework */; };
		E10D02FB21DEE0D5008F7B8C /* AppKit.framework in Frameworks */ = {isa = PBXBuildFile; fileRef = E10D02FA21DEE0D4008F7B8C /* AppKit.framework */; };
		E10D02FD21DEE17A008F7B8C /* libxml2.2.tbd in Frameworks */ = {isa = PBXBuildFile; fileRef = E10D02FC21DEE17A008F7B8C /* libxml2.2.tbd */; };
		E10D02FF21DEE1C2008F7B8C /* libz.tbd in Frameworks */ = {isa = PBXBuildFile; fileRef = E10D02FE21DEE1C2008F7B8C /* libz.tbd */; };
		E10D030121DEE209008F7B8C /* libiconv.2.4.0.tbd in Frameworks */ = {isa = PBXBuildFile; fileRef = E10D030021DEE209008F7B8C /* libiconv.2.4.0.tbd */; };
		E10D030321DEE247008F7B8C /* libxml2.tbd in Frameworks */ = {isa = PBXBuildFile; fileRef = E10D030221DEE247008F7B8C /* libxml2.tbd */; };
		E10D030521DEE2B5008F7B8C /* libexpat.tbd in Frameworks */ = {isa = PBXBuildFile; fileRef = E10D030421DEE2B5008F7B8C /* libexpat.tbd */; };
		E10D031221DEEBED008F7B8C /* localizedstrings-zh-cn-ucs2le.h in Copy Files */ = {isa = PBXBuildFile; fileRef = E10D030621DEEBEC008F7B8C /* localizedstrings-zh-cn-ucs2le.h */; };
		E10D031321DEEBED008F7B8C /* localizedstrings-es-ucs2le.h in Copy Files */ = {isa = PBXBuildFile; fileRef = E10D030721DEEBEC008F7B8C /* localizedstrings-es-ucs2le.h */; };
		E10D031421DEEBED008F7B8C /* localizedstrings-it-ucs2le.h in Copy Files */ = {isa = PBXBuildFile; fileRef = E10D030821DEEBEC008F7B8C /* localizedstrings-it-ucs2le.h */; };
		E10D031521DEEBED008F7B8C /* localizedstrings-de-ucs2le.h in Copy Files */ = {isa = PBXBuildFile; fileRef = E10D030921DEEBEC008F7B8C /* localizedstrings-de-ucs2le.h */; };
		E10D031621DEEBED008F7B8C /* localizedstrings-gr-ucs2le.h in Copy Files */ = {isa = PBXBuildFile; fileRef = E10D030A21DEEBEC008F7B8C /* localizedstrings-gr-ucs2le.h */; };
		E10D031721DEEBED008F7B8C /* localizedstrings-fr-ucs2le.h in Copy Files */ = {isa = PBXBuildFile; fileRef = E10D030B21DEEBEC008F7B8C /* localizedstrings-fr-ucs2le.h */; };
		E10D031821DEEBED008F7B8C /* localizedstrings-ps-ucs2le.h in Copy Files */ = {isa = PBXBuildFile; fileRef = E10D030C21DEEBEC008F7B8C /* localizedstrings-ps-ucs2le.h */; };
		E10D031921DEEBED008F7B8C /* localizedstrings-hr-ucs2le.h in Copy Files */ = {isa = PBXBuildFile; fileRef = E10D030D21DEEBED008F7B8C /* localizedstrings-hr-ucs2le.h */; };
		E10D031A21DEEBED008F7B8C /* localizedstrings-en-ucs2le.h in Copy Files */ = {isa = PBXBuildFile; fileRef = E10D030E21DEEBED008F7B8C /* localizedstrings-en-ucs2le.h */; };
		E10D031B21DEEBED008F7B8C /* localizedstrings-pl-ucs2le.h in Copy Files */ = {isa = PBXBuildFile; fileRef = E10D030F21DEEBED008F7B8C /* localizedstrings-pl-ucs2le.h */; };
		E10D031C21DEEBED008F7B8C /* localizedstrings-pt-ucs2le.h in Copy Files */ = {isa = PBXBuildFile; fileRef = E10D031021DEEBED008F7B8C /* localizedstrings-pt-ucs2le.h */; };
		E10D031D21DEEBED008F7B8C /* localizedstrings-ru-ucs2le.h in Copy Files */ = {isa = PBXBuildFile; fileRef = E10D031121DEEBED008F7B8C /* localizedstrings-ru-ucs2le.h */; };
		E10D032121E02771008F7B8C /* LexFmsLogo.cxx in Sources */ = {isa = PBXBuildFile; fileRef = E10D032021E02771008F7B8C /* LexFmsLogo.cxx */; };
		E10D033021E11147008F7B8C /* CUTF16FileTextStream.cpp in Sources */ = {isa = PBXBuildFile; fileRef = E10D032C21E11146008F7B8C /* CUTF16FileTextStream.cpp */; };
		E10D033121E11147008F7B8C /* CUTF8FileTextStream.cpp in Sources */ = {isa = PBXBuildFile; fileRef = E10D032E21E11147008F7B8C /* CUTF8FileTextStream.cpp */; };
		E10D033321E187EF008F7B8C /* startup.logoscript in Copy Files */ = {isa = PBXBuildFile; fileRef = E10D033221E187EF008F7B8C /* startup.logoscript */; };
/* End PBXBuildFile section */

/* Begin PBXCopyFilesBuildPhase section */
		E1A4BAEC21DECB65006097DD /* Copy Files */ = {
			isa = PBXCopyFilesBuildPhase;
			buildActionMask = 12;
			dstPath = "";
			dstSubfolderSpec = 16;
			files = (
				E10D033321E187EF008F7B8C /* startup.logoscript in Copy Files */,
				E10D031221DEEBED008F7B8C /* localizedstrings-zh-cn-ucs2le.h in Copy Files */,
				E10D031321DEEBED008F7B8C /* localizedstrings-es-ucs2le.h in Copy Files */,
				E10D031421DEEBED008F7B8C /* localizedstrings-it-ucs2le.h in Copy Files */,
				E10D031521DEEBED008F7B8C /* localizedstrings-de-ucs2le.h in Copy Files */,
				E10D031621DEEBED008F7B8C /* localizedstrings-gr-ucs2le.h in Copy Files */,
				E10D031721DEEBED008F7B8C /* localizedstrings-fr-ucs2le.h in Copy Files */,
				E10D031821DEEBED008F7B8C /* localizedstrings-ps-ucs2le.h in Copy Files */,
				E10D031921DEEBED008F7B8C /* localizedstrings-hr-ucs2le.h in Copy Files */,
				E10D031A21DEEBED008F7B8C /* localizedstrings-en-ucs2le.h in Copy Files */,
				E10D031B21DEEBED008F7B8C /* localizedstrings-pl-ucs2le.h in Copy Files */,
				E10D031C21DEEBED008F7B8C /* localizedstrings-pt-ucs2le.h in Copy Files */,
				E10D031D21DEEBED008F7B8C /* localizedstrings-ru-ucs2le.h in Copy Files */,
			);
			name = "Copy Files";
			runOnlyForDeploymentPostprocessing = 0;
		};
/* End PBXCopyFilesBuildPhase section */

/* Begin PBXFileReference section */
		E10D018821DECD44008F7B8C /* 3dsolid.cpp */ = {isa = PBXFileReference; fileEncoding = 4; lastKnownFileType = sourcecode.cpp.cpp; path = 3dsolid.cpp; sourceTree = "<group>"; };
		E10D018A21DECD58008F7B8C /* 3dsolid.h */ = {isa = PBXFileReference; fileEncoding = 4; lastKnownFileType = sourcecode.c.h; path = 3dsolid.h; sourceTree = "<group>"; };
		E10D018B21DECDA2008F7B8C /* avltree.h */ = {isa = PBXFileReference; fileEncoding = 4; lastKnownFileType = sourcecode.c.h; path = avltree.h; sourceTree = "<group>"; };
		E10D018C21DECDA2008F7B8C /* CConstStringTextReadonlyStream.cpp */ = {isa = PBXFileReference; fileEncoding = 4; lastKnownFileType = sourcecode.cpp.cpp; path = CConstStringTextReadonlyStream.cpp; sourceTree = "<group>"; };
		E10D018D21DECDA2008F7B8C /* argumentutils.h */ = {isa = PBXFileReference; fileEncoding = 4; lastKnownFileType = sourcecode.c.h; path = argumentutils.h; sourceTree = "<group>"; };
		E10D018E21DECDA2008F7B8C /* aboutmultiplesclerosis.h */ = {isa = PBXFileReference; fileEncoding = 4; lastKnownFileType = sourcecode.c.h; path = aboutmultiplesclerosis.h; sourceTree = "<group>"; };
		E10D018F21DECDA2008F7B8C /* argumentutils.cpp */ = {isa = PBXFileReference; fileEncoding = 4; lastKnownFileType = sourcecode.cpp.cpp; path = argumentutils.cpp; sourceTree = "<group>"; };
		E10D019021DECDA2008F7B8C /* activearea.h */ = {isa = PBXFileReference; fileEncoding = 4; lastKnownFileType = sourcecode.c.h; path = activearea.h; sourceTree = "<group>"; };
		E10D019121DECDA2008F7B8C /* CFileTextStream.h */ = {isa = PBXFileReference; fileEncoding = 4; lastKnownFileType = sourcecode.c.h; path = CFileTextStream.h; sourceTree = "<group>"; };
		E10D019221DECDA3008F7B8C /* CFileTextStream.cpp */ = {isa = PBXFileReference; fileEncoding = 4; lastKnownFileType = sourcecode.cpp.cpp; path = CFileTextStream.cpp; sourceTree = "<group>"; };
		E10D019321DECDA3008F7B8C /* CConstStringTextReadonlyStream.h */ = {isa = PBXFileReference; fileEncoding = 4; lastKnownFileType = sourcecode.c.h; path = CConstStringTextReadonlyStream.h; sourceTree = "<group>"; };
		E10D019421DECDA3008F7B8C /* appendablelist.h */ = {isa = PBXFileReference; fileEncoding = 4; lastKnownFileType = sourcecode.c.h; path = appendablelist.h; sourceTree = "<group>"; };
		E10D019521DECDA3008F7B8C /* activearea.cpp */ = {isa = PBXFileReference; fileEncoding = 4; lastKnownFileType = sourcecode.cpp.cpp; path = activearea.cpp; sourceTree = "<group>"; };
		E10D019621DECDA3008F7B8C /* aboutfmslogo.h */ = {isa = PBXFileReference; fileEncoding = 4; lastKnownFileType = sourcecode.c.h; path = aboutfmslogo.h; sourceTree = "<group>"; };
		E10D019721DECDA3008F7B8C /* aboutfmslogo.cpp */ = {isa = PBXFileReference; fileEncoding = 4; lastKnownFileType = sourcecode.cpp.cpp; path = aboutfmslogo.cpp; sourceTree = "<group>"; };
		E10D019821DECDA3008F7B8C /* appendablelist.cpp */ = {isa = PBXFileReference; fileEncoding = 4; lastKnownFileType = sourcecode.cpp.cpp; path = appendablelist.cpp; sourceTree = "<group>"; };
		E10D019921DECDA3008F7B8C /* avltree.cpp */ = {isa = PBXFileReference; fileEncoding = 4; lastKnownFileType = sourcecode.cpp.cpp; path = avltree.cpp; sourceTree = "<group>"; };
		E10D019A21DECDA3008F7B8C /* aboutmultiplesclerosis.cpp */ = {isa = PBXFileReference; fileEncoding = 4; lastKnownFileType = sourcecode.cpp.cpp; path = aboutmultiplesclerosis.cpp; sourceTree = "<group>"; };
		E10D01A321DECDBE008F7B8C /* coms.cpp */ = {isa = PBXFileReference; fileEncoding = 4; lastKnownFileType = sourcecode.cpp.cpp; path = coms.cpp; sourceTree = "<group>"; };
		E10D01A421DECDBE008F7B8C /* commanderinput.cpp */ = {isa = PBXFileReference; fileEncoding = 4; lastKnownFileType = sourcecode.cpp.cpp; path = commanderinput.cpp; sourceTree = "<group>"; };
		E10D01A521DECDBE008F7B8C /* CNodePrinter.h */ = {isa = PBXFileReference; fileEncoding = 4; lastKnownFileType = sourcecode.c.h; path = CNodePrinter.h; sourceTree = "<group>"; };
		E10D01A621DECDBE008F7B8C /* CNodePrinter.cpp */ = {isa = PBXFileReference; fileEncoding = 4; lastKnownFileType = sourcecode.cpp.cpp; path = CNodePrinter.cpp; sourceTree = "<group>"; };
		E10D01A721DECDBE008F7B8C /* commander.cpp */ = {isa = PBXFileReference; fileEncoding = 4; lastKnownFileType = sourcecode.cpp.cpp; path = commander.cpp; sourceTree = "<group>"; };
		E10D01A821DECDBE008F7B8C /* CMbcsFileTextStream.h */ = {isa = PBXFileReference; fileEncoding = 4; lastKnownFileType = sourcecode.c.h; path = CMbcsFileTextStream.h; sourceTree = "<group>"; };
		E10D01A921DECDBE008F7B8C /* commandertogglebutton.cpp */ = {isa = PBXFileReference; fileEncoding = 4; lastKnownFileType = sourcecode.cpp.cpp; path = commandertogglebutton.cpp; sourceTree = "<group>"; };
		E10D01AA21DECDBE008F7B8C /* CMbcsFileTextStream.cpp */ = {isa = PBXFileReference; fileEncoding = 4; lastKnownFileType = sourcecode.cpp.cpp; path = CMbcsFileTextStream.cpp; sourceTree = "<group>"; };
		E10D01AB21DECDBE008F7B8C /* commanderinput.h */ = {isa = PBXFileReference; fileEncoding = 4; lastKnownFileType = sourcecode.c.h; path = commanderinput.h; sourceTree = "<group>"; };
		E10D01AC21DECDBF008F7B8C /* commanderhistory.h */ = {isa = PBXFileReference; fileEncoding = 4; lastKnownFileType = sourcecode.c.h; path = commanderhistory.h; sourceTree = "<group>"; };
		E10D01AD21DECDBF008F7B8C /* CLocalizedStringProvider.h */ = {isa = PBXFileReference; fileEncoding = 4; lastKnownFileType = sourcecode.c.h; path = CLocalizedStringProvider.h; sourceTree = "<group>"; };
		E10D01AE21DECDBF008F7B8C /* coms.h */ = {isa = PBXFileReference; fileEncoding = 4; lastKnownFileType = sourcecode.c.h; path = coms.h; sourceTree = "<group>"; };
		E10D01AF21DECDBF008F7B8C /* CLocalizedStringProvider.cpp */ = {isa = PBXFileReference; fileEncoding = 4; lastKnownFileType = sourcecode.cpp.cpp; path = CLocalizedStringProvider.cpp; sourceTree = "<group>"; };
		E10D01B021DECDBF008F7B8C /* commander.h */ = {isa = PBXFileReference; fileEncoding = 4; lastKnownFileType = sourcecode.c.h; path = commander.h; sourceTree = "<group>"; };
		E10D01B121DECDBF008F7B8C /* commanderbutton.h */ = {isa = PBXFileReference; fileEncoding = 4; lastKnownFileType = sourcecode.c.h; path = commanderbutton.h; sourceTree = "<group>"; };
		E10D01B221DECDBF008F7B8C /* commanderhistory.cpp */ = {isa = PBXFileReference; fileEncoding = 4; lastKnownFileType = sourcecode.cpp.cpp; path = commanderhistory.cpp; sourceTree = "<group>"; };
		E10D01B321DECDBF008F7B8C /* commanderbutton.cpp */ = {isa = PBXFileReference; fileEncoding = 4; lastKnownFileType = sourcecode.cpp.cpp; path = commanderbutton.cpp; sourceTree = "<group>"; };
		E10D01B421DECDC0008F7B8C /* commandertogglebutton.h */ = {isa = PBXFileReference; fileEncoding = 4; lastKnownFileType = sourcecode.c.h; path = commandertogglebutton.h; sourceTree = "<group>"; };
		E10D01BE21DECDD4008F7B8C /* CStringTextStream.cpp */ = {isa = PBXFileReference; fileEncoding = 4; lastKnownFileType = sourcecode.cpp.cpp; path = CStringTextStream.cpp; sourceTree = "<group>"; };
		E10D01BF21DECDD4008F7B8C /* cursor.h */ = {isa = PBXFileReference; fileEncoding = 4; lastKnownFileType = sourcecode.c.h; path = cursor.h; sourceTree = "<group>"; };
		E10D01C021DECDD4008F7B8C /* cursor.cpp */ = {isa = PBXFileReference; fileEncoding = 4; lastKnownFileType = sourcecode.cpp.cpp; path = cursor.cpp; sourceTree = "<group>"; };
		E10D01C221DECDD4008F7B8C /* CTextStream.cpp */ = {isa = PBXFileReference; fileEncoding = 4; lastKnownFileType = sourcecode.cpp.cpp; path = CTextStream.cpp; sourceTree = "<group>"; };
		E10D01C321DECDD4008F7B8C /* const.h */ = {isa = PBXFileReference; fileEncoding = 4; lastKnownFileType = sourcecode.c.h; path = const.h; sourceTree = "<group>"; };
		E10D01C421DECDD4008F7B8C /* CTextStream.h */ = {isa = PBXFileReference; fileEncoding = 4; lastKnownFileType = sourcecode.c.h; path = CTextStream.h; sourceTree = "<group>"; };
		E10D01C621DECDD4008F7B8C /* CStringTextStream.h */ = {isa = PBXFileReference; fileEncoding = 4; lastKnownFileType = sourcecode.c.h; path = CStringTextStream.h; sourceTree = "<group>"; };
		E10D01CB21DECDFD008F7B8C /* eval.h */ = {isa = PBXFileReference; fileEncoding = 4; lastKnownFileType = sourcecode.c.h; path = eval.h; sourceTree = "<group>"; };
		E10D01CC21DECDFD008F7B8C /* editproceduredialog.h */ = {isa = PBXFileReference; fileEncoding = 4; lastKnownFileType = sourcecode.c.h; path = editproceduredialog.h; sourceTree = "<group>"; };
		E10D01CD21DECDFD008F7B8C /* error.h */ = {isa = PBXFileReference; fileEncoding = 4; lastKnownFileType = sourcecode.c.h; path = error.h; sourceTree = "<group>"; };
		E10D01D121DECDFD008F7B8C /* dynamicbuffer.h */ = {isa = PBXFileReference; fileEncoding = 4; lastKnownFileType = sourcecode.c.h; path = dynamicbuffer.h; sourceTree = "<group>"; };
		E10D01D221DECDFD008F7B8C /* dlgwind.h */ = {isa = PBXFileReference; fileEncoding = 4; lastKnownFileType = sourcecode.c.h; path = dlgwind.h; sourceTree = "<group>"; };
		E10D01D321DECDFE008F7B8C /* eraseproceduredialog.h */ = {isa = PBXFileReference; fileEncoding = 4; lastKnownFileType = sourcecode.c.h; path = eraseproceduredialog.h; sourceTree = "<group>"; };
		E10D01D421DECDFE008F7B8C /* devwind.h */ = {isa = PBXFileReference; fileEncoding = 4; lastKnownFileType = sourcecode.c.h; path = devwind.h; sourceTree = "<group>"; };
		E10D01D521DECDFE008F7B8C /* dynamicbuffer.cpp */ = {isa = PBXFileReference; fileEncoding = 4; lastKnownFileType = sourcecode.cpp.cpp; path = dynamicbuffer.cpp; sourceTree = "<group>"; };
		E10D01D721DECDFE008F7B8C /* devwind.cpp */ = {isa = PBXFileReference; fileEncoding = 4; lastKnownFileType = sourcecode.cpp.cpp; path = devwind.cpp; sourceTree = "<group>"; };
		E10D01D821DECDFE008F7B8C /* error.cpp */ = {isa = PBXFileReference; fileEncoding = 4; lastKnownFileType = sourcecode.cpp.cpp; path = error.cpp; sourceTree = "<group>"; };
		E10D01D921DECDFE008F7B8C /* editproceduredialog.cpp */ = {isa = PBXFileReference; fileEncoding = 4; lastKnownFileType = sourcecode.cpp.cpp; path = editproceduredialog.cpp; sourceTree = "<group>"; };
		E10D01DA21DECDFE008F7B8C /* eraseproceduredialog.cpp */ = {isa = PBXFileReference; fileEncoding = 4; lastKnownFileType = sourcecode.cpp.cpp; path = eraseproceduredialog.cpp; sourceTree = "<group>"; };
		E10D01DB21DECDFE008F7B8C /* eval.cpp */ = {isa = PBXFileReference; fileEncoding = 4; lastKnownFileType = sourcecode.cpp.cpp; path = eval.cpp; sourceTree = "<group>"; };
		E10D01E421DECE0F008F7B8C /* files.cpp */ = {isa = PBXFileReference; fileEncoding = 4; lastKnownFileType = sourcecode.cpp.cpp; path = files.cpp; sourceTree = "<group>"; };
		E10D01E521DECE0F008F7B8C /* fileswnd.cpp */ = {isa = PBXFileReference; fileEncoding = 4; lastKnownFileType = sourcecode.cpp.cpp; path = fileswnd.cpp; sourceTree = "<group>"; };
		E10D01E621DECE0F008F7B8C /* files.h */ = {isa = PBXFileReference; fileEncoding = 4; lastKnownFileType = sourcecode.c.h; path = files.h; sourceTree = "<group>"; };
		E10D01E721DECE0F008F7B8C /* fileswnd.h */ = {isa = PBXFileReference; fileEncoding = 4; lastKnownFileType = sourcecode.c.h; path = fileswnd.h; sourceTree = "<group>"; };
		E10D01EA21DECE22008F7B8C /* FMSLogo.cpp */ = {isa = PBXFileReference; fileEncoding = 4; lastKnownFileType = sourcecode.cpp.cpp; path = FMSLogo.cpp; sourceTree = "<group>"; };
		E10D01EB21DECE22008F7B8C /* FMSLogo.h */ = {isa = PBXFileReference; fileEncoding = 4; lastKnownFileType = sourcecode.c.h; path = FMSLogo.h; sourceTree = "<group>"; };
		E10D01ED21DECE37008F7B8C /* gbmgif.cpp */ = {isa = PBXFileReference; fileEncoding = 4; lastKnownFileType = sourcecode.cpp.cpp; path = gbmgif.cpp; sourceTree = "<group>"; };
		E10D01EE21DECE37008F7B8C /* guiutils.h */ = {isa = PBXFileReference; fileEncoding = 4; lastKnownFileType = sourcecode.c.h; path = guiutils.h; sourceTree = "<group>"; };
		E10D01EF21DECE38008F7B8C /* gbm.cpp */ = {isa = PBXFileReference; fileEncoding = 4; lastKnownFileType = sourcecode.cpp.cpp; path = gbm.cpp; sourceTree = "<group>"; };
		E10D01F021DECE38008F7B8C /* gbmgif.h */ = {isa = PBXFileReference; fileEncoding = 4; lastKnownFileType = sourcecode.c.h; path = gbmgif.h; sourceTree = "<group>"; };
		E10D01F121DECE38008F7B8C /* gbmhelp.h */ = {isa = PBXFileReference; fileEncoding = 4; lastKnownFileType = sourcecode.c.h; path = gbmhelp.h; sourceTree = "<group>"; };
		E10D01F221DECE38008F7B8C /* graphics.cpp */ = {isa = PBXFileReference; fileEncoding = 4; lastKnownFileType = sourcecode.cpp.cpp; path = graphics.cpp; sourceTree = "<group>"; };
		E10D01F321DECE38008F7B8C /* fontutils.h */ = {isa = PBXFileReference; fileEncoding = 4; lastKnownFileType = sourcecode.c.h; path = fontutils.h; sourceTree = "<group>"; };
		E10D01F421DECE38008F7B8C /* gbmbmp.cpp */ = {isa = PBXFileReference; fileEncoding = 4; lastKnownFileType = sourcecode.cpp.cpp; path = gbmbmp.cpp; sourceTree = "<group>"; };
		E10D01F521DECE38008F7B8C /* gbmhelp.cpp */ = {isa = PBXFileReference; fileEncoding = 4; lastKnownFileType = sourcecode.cpp.cpp; path = gbmhelp.cpp; sourceTree = "<group>"; };
		E10D01F621DECE38008F7B8C /* graphics.h */ = {isa = PBXFileReference; fileEncoding = 4; lastKnownFileType = sourcecode.c.h; path = graphics.h; sourceTree = "<group>"; };
		E10D01F721DECE39008F7B8C /* graphwin.h */ = {isa = PBXFileReference; fileEncoding = 4; lastKnownFileType = sourcecode.c.h; path = graphwin.h; sourceTree = "<group>"; };
		E10D01F821DECE39008F7B8C /* guiutils.cpp */ = {isa = PBXFileReference; fileEncoding = 4; lastKnownFileType = sourcecode.cpp.cpp; path = guiutils.cpp; sourceTree = "<group>"; };
		E10D01F921DECE39008F7B8C /* gbmbmp.h */ = {isa = PBXFileReference; fileEncoding = 4; lastKnownFileType = sourcecode.c.h; path = gbmbmp.h; sourceTree = "<group>"; };
		E10D01FA21DECE39008F7B8C /* gbm.h */ = {isa = PBXFileReference; fileEncoding = 4; lastKnownFileType = sourcecode.c.h; path = gbm.h; sourceTree = "<group>"; };
		E10D01FB21DECE39008F7B8C /* gbmsize.cpp */ = {isa = PBXFileReference; fileEncoding = 4; lastKnownFileType = sourcecode.cpp.cpp; path = gbmsize.cpp; sourceTree = "<group>"; };
		E10D01FC21DECE39008F7B8C /* graphwin.cpp */ = {isa = PBXFileReference; fileEncoding = 4; lastKnownFileType = sourcecode.cpp.cpp; path = graphwin.cpp; sourceTree = "<group>"; };
		E10D01FD21DECE39008F7B8C /* fontutils.cpp */ = {isa = PBXFileReference; fileEncoding = 4; lastKnownFileType = sourcecode.cpp.cpp; path = fontutils.cpp; sourceTree = "<group>"; };
		E10D020721DECE50008F7B8C /* ibmterm.cpp */ = {isa = PBXFileReference; fileEncoding = 4; lastKnownFileType = sourcecode.cpp.cpp; path = ibmterm.cpp; sourceTree = "<group>"; };
		E10D020821DECE50008F7B8C /* init.h */ = {isa = PBXFileReference; fileEncoding = 4; lastKnownFileType = sourcecode.c.h; path = init.h; sourceTree = "<group>"; };
		E10D020921DECE50008F7B8C /* helputils.h */ = {isa = PBXFileReference; fileEncoding = 4; lastKnownFileType = sourcecode.c.h; path = helputils.h; sourceTree = "<group>"; };
		E10D020A21DECE50008F7B8C /* helputils.cpp */ = {isa = PBXFileReference; fileEncoding = 4; lastKnownFileType = sourcecode.cpp.cpp; path = helputils.cpp; sourceTree = "<group>"; };
		E10D020B21DECE50008F7B8C /* init.cpp */ = {isa = PBXFileReference; fileEncoding = 4; lastKnownFileType = sourcecode.cpp.cpp; path = init.cpp; sourceTree = "<group>"; };
		E10D020C21DECE51008F7B8C /* ibmterm.h */ = {isa = PBXFileReference; fileEncoding = 4; lastKnownFileType = sourcecode.c.h; path = ibmterm.h; sourceTree = "<group>"; };
		E10D021121DECE6E008F7B8C /* logocodectrl.cpp */ = {isa = PBXFileReference; fileEncoding = 4; lastKnownFileType = sourcecode.cpp.cpp; path = logocodectrl.cpp; sourceTree = "<group>"; };
		E10D021421DECE6F008F7B8C /* logocodectrl.h */ = {isa = PBXFileReference; fileEncoding = 4; lastKnownFileType = sourcecode.c.h; path = logocodectrl.h; sourceTree = "<group>"; };
		E10D021521DECE6F008F7B8C /* logodata.cpp */ = {isa = PBXFileReference; fileEncoding = 4; lastKnownFileType = sourcecode.cpp.cpp; path = logodata.cpp; sourceTree = "<group>"; };
		E10D021821DECE6F008F7B8C /* logodata.h */ = {isa = PBXFileReference; fileEncoding = 4; lastKnownFileType = sourcecode.c.h; path = logodata.h; sourceTree = "<group>"; };
		E10D021921DECE6F008F7B8C /* logoeventqueue.h */ = {isa = PBXFileReference; fileEncoding = 4; lastKnownFileType = sourcecode.c.h; path = logoeventqueue.h; sourceTree = "<group>"; };
		E10D021F21DECE70008F7B8C /* logoeventqueue.cpp */ = {isa = PBXFileReference; fileEncoding = 4; lastKnownFileType = sourcecode.cpp.cpp; path = logoeventqueue.cpp; sourceTree = "<group>"; };
		E10D022221DECE70008F7B8C /* lists.cpp */ = {isa = PBXFileReference; fileEncoding = 4; lastKnownFileType = sourcecode.cpp.cpp; path = lists.cpp; sourceTree = "<group>"; };
		E10D022321DECE70008F7B8C /* lists.h */ = {isa = PBXFileReference; fileEncoding = 4; lastKnownFileType = sourcecode.c.h; path = lists.h; sourceTree = "<group>"; };
		E10D022721DECE71008F7B8C /* intern.h */ = {isa = PBXFileReference; fileEncoding = 4; lastKnownFileType = sourcecode.c.h; path = intern.h; sourceTree = "<group>"; };
		E10D022A21DECE71008F7B8C /* localizedstrings.h */ = {isa = PBXFileReference; fileEncoding = 4; lastKnownFileType = sourcecode.c.h; path = localizedstrings.h; sourceTree = "<group>"; };
		E10D022C21DECE72008F7B8C /* logodialogboxes.cpp */ = {isa = PBXFileReference; fileEncoding = 4; lastKnownFileType = sourcecode.cpp.cpp; path = logodialogboxes.cpp; sourceTree = "<group>"; };
		E10D022D21DECE72008F7B8C /* localizednode.h */ = {isa = PBXFileReference; fileEncoding = 4; lastKnownFileType = sourcecode.c.h; path = localizednode.h; sourceTree = "<group>"; };
		E10D023021DECE72008F7B8C /* intern.cpp */ = {isa = PBXFileReference; fileEncoding = 4; lastKnownFileType = sourcecode.cpp.cpp; path = intern.cpp; sourceTree = "<group>"; };
		E10D023221DECE72008F7B8C /* logocore.h */ = {isa = PBXFileReference; fileEncoding = 4; lastKnownFileType = sourcecode.c.h; path = logocore.h; sourceTree = "<group>"; };
		E10D023421DECE73008F7B8C /* localizedstrings.cpp */ = {isa = PBXFileReference; fileEncoding = 4; lastKnownFileType = sourcecode.cpp.cpp; path = localizedstrings.cpp; sourceTree = "<group>"; };
		E10D023521DECE73008F7B8C /* localizednode.cpp */ = {isa = PBXFileReference; fileEncoding = 4; lastKnownFileType = sourcecode.cpp.cpp; path = localizednode.cpp; sourceTree = "<group>"; };
		E10D024121DECE85008F7B8C /* mainwind.h */ = {isa = PBXFileReference; fileEncoding = 4; lastKnownFileType = sourcecode.c.h; path = mainwind.h; sourceTree = "<group>"; };
		E10D024221DECE86008F7B8C /* logomath.cpp */ = {isa = PBXFileReference; fileEncoding = 4; lastKnownFileType = sourcecode.cpp.cpp; path = logomath.cpp; sourceTree = "<group>"; };
		E10D024321DECE86008F7B8C /* mainframe.cpp */ = {isa = PBXFileReference; fileEncoding = 4; lastKnownFileType = sourcecode.cpp.cpp; path = mainframe.cpp; sourceTree = "<group>"; };
		E10D024421DECE86008F7B8C /* logorc.h */ = {isa = PBXFileReference; fileEncoding = 4; lastKnownFileType = sourcecode.c.h; path = logorc.h; sourceTree = "<group>"; };
		E10D024521DECE86008F7B8C /* mainwind.cpp */ = {isa = PBXFileReference; fileEncoding = 4; lastKnownFileType = sourcecode.cpp.cpp; path = mainwind.cpp; sourceTree = "<group>"; };
		E10D024621DECE86008F7B8C /* logomath.h */ = {isa = PBXFileReference; fileEncoding = 4; lastKnownFileType = sourcecode.c.h; path = logomath.h; sourceTree = "<group>"; };
		E10D024721DECE86008F7B8C /* mainframe.h */ = {isa = PBXFileReference; fileEncoding = 4; lastKnownFileType = sourcecode.c.h; path = mainframe.h; sourceTree = "<group>"; };
		E10D024B21DECE9C008F7B8C /* messagebox.cpp */ = {isa = PBXFileReference; fileEncoding = 4; lastKnownFileType = sourcecode.cpp.cpp; path = messagebox.cpp; sourceTree = "<group>"; };
		E10D024C21DECE9C008F7B8C /* mem.cpp */ = {isa = PBXFileReference; fileEncoding = 4; lastKnownFileType = sourcecode.cpp.cpp; path = mem.cpp; sourceTree = "<group>"; };
		E10D024D21DECE9C008F7B8C /* minieditortextctrl.h */ = {isa = PBXFileReference; fileEncoding = 4; lastKnownFileType = sourcecode.c.h; path = minieditortextctrl.h; sourceTree = "<group>"; };
		E10D024E21DECE9C008F7B8C /* messagebox.h */ = {isa = PBXFileReference; fileEncoding = 4; lastKnownFileType = sourcecode.c.h; path = messagebox.h; sourceTree = "<group>"; };
		E10D025021DECE9D008F7B8C /* paren.h */ = {isa = PBXFileReference; fileEncoding = 4; lastKnownFileType = sourcecode.c.h; path = paren.h; sourceTree = "<group>"; };
		E10D025121DECE9D008F7B8C /* parse.cpp */ = {isa = PBXFileReference; fileEncoding = 4; lastKnownFileType = sourcecode.cpp.cpp; path = parse.cpp; sourceTree = "<group>"; };
		E10D025221DECE9D008F7B8C /* minieditortextctrl.cpp */ = {isa = PBXFileReference; fileEncoding = 4; lastKnownFileType = sourcecode.cpp.cpp; path = minieditortextctrl.cpp; sourceTree = "<group>"; };
		E10D025321DECE9D008F7B8C /* mem.h */ = {isa = PBXFileReference; fileEncoding = 4; lastKnownFileType = sourcecode.c.h; path = mem.h; sourceTree = "<group>"; };
		E10D025621DECE9D008F7B8C /* minieditor.h */ = {isa = PBXFileReference; fileEncoding = 4; lastKnownFileType = sourcecode.c.h; path = minieditor.h; sourceTree = "<group>"; };
		E10D025721DECE9E008F7B8C /* parse.h */ = {isa = PBXFileReference; fileEncoding = 4; lastKnownFileType = sourcecode.c.h; path = parse.h; sourceTree = "<group>"; };
		E10D025A21DECE9E008F7B8C /* minieditor.cpp */ = {isa = PBXFileReference; fileEncoding = 4; lastKnownFileType = sourcecode.cpp.cpp; path = minieditor.cpp; sourceTree = "<group>"; };
		E10D025B21DECE9E008F7B8C /* paren.cpp */ = {isa = PBXFileReference; fileEncoding = 4; lastKnownFileType = sourcecode.cpp.cpp; path = paren.cpp; sourceTree = "<group>"; };
		E10D026421DECEB8008F7B8C /* print.cpp */ = {isa = PBXFileReference; fileEncoding = 4; lastKnownFileType = sourcecode.cpp.cpp; path = print.cpp; sourceTree = "<group>"; };
		E10D026521DECEB8008F7B8C /* pch.h */ = {isa = PBXFileReference; fileEncoding = 4; lastKnownFileType = sourcecode.c.h; path = pch.h; sourceTree = "<group>"; };
		E10D026621DECEB8008F7B8C /* print.h */ = {isa = PBXFileReference; fileEncoding = 4; lastKnownFileType = sourcecode.c.h; path = print.h; sourceTree = "<group>"; };
		E10D026721DECEB8008F7B8C /* questionbox.cpp */ = {isa = PBXFileReference; fileEncoding = 4; lastKnownFileType = sourcecode.cpp.cpp; path = questionbox.cpp; sourceTree = "<group>"; };
		E10D026821DECEB8008F7B8C /* questionbox.h */ = {isa = PBXFileReference; fileEncoding = 4; lastKnownFileType = sourcecode.c.h; path = questionbox.h; sourceTree = "<group>"; };
		E10D026B21DECECA008F7B8C /* Resource.h */ = {isa = PBXFileReference; fileEncoding = 4; lastKnownFileType = sourcecode.c.h; path = Resource.h; sourceTree = "<group>"; };
		E10D026C21DECECA008F7B8C /* savebeforeexitdialog.cpp */ = {isa = PBXFileReference; fileEncoding = 4; lastKnownFileType = sourcecode.cpp.cpp; path = savebeforeexitdialog.cpp; sourceTree = "<group>"; };
		E10D026D21DECECA008F7B8C /* savebeforeexitdialog.h */ = {isa = PBXFileReference; fileEncoding = 4; lastKnownFileType = sourcecode.c.h; path = savebeforeexitdialog.h; sourceTree = "<group>"; };
		E10D026F21DECEDF008F7B8C /* screen.cpp */ = {isa = PBXFileReference; fileEncoding = 4; lastKnownFileType = sourcecode.cpp.cpp; path = screen.cpp; sourceTree = "<group>"; };
		E10D027021DECEDF008F7B8C /* screen.h */ = {isa = PBXFileReference; fileEncoding = 4; lastKnownFileType = sourcecode.c.h; path = screen.h; sourceTree = "<group>"; };
		E10D027221DECEF7008F7B8C /* selectstartupinstruction.h */ = {isa = PBXFileReference; fileEncoding = 4; lastKnownFileType = sourcecode.c.h; path = selectstartupinstruction.h; sourceTree = "<group>"; };
		E10D027321DECEF7008F7B8C /* selectbox.cpp */ = {isa = PBXFileReference; fileEncoding = 4; lastKnownFileType = sourcecode.cpp.cpp; path = selectbox.cpp; sourceTree = "<group>"; };
		E10D027421DECEF7008F7B8C /* setactivearea.cpp */ = {isa = PBXFileReference; fileEncoding = 4; lastKnownFileType = sourcecode.cpp.cpp; path = setactivearea.cpp; sourceTree = "<group>"; };
		E10D027521DECEF8008F7B8C /* selectproceduredialog.cpp */ = {isa = PBXFileReference; fileEncoding = 4; lastKnownFileType = sourcecode.cpp.cpp; path = selectproceduredialog.cpp; sourceTree = "<group>"; };
		E10D027621DECEF8008F7B8C /* selectproceduredialog.h */ = {isa = PBXFileReference; fileEncoding = 4; lastKnownFileType = sourcecode.c.h; path = selectproceduredialog.h; sourceTree = "<group>"; };
		E10D027721DECEF8008F7B8C /* setcolor.cpp */ = {isa = PBXFileReference; fileEncoding = 4; lastKnownFileType = sourcecode.cpp.cpp; path = setcolor.cpp; sourceTree = "<group>"; };
		E10D027821DECEF8008F7B8C /* setpensize.h */ = {isa = PBXFileReference; fileEncoding = 4; lastKnownFileType = sourcecode.c.h; path = setpensize.h; sourceTree = "<group>"; };
		E10D027921DECEF8008F7B8C /* setcolor.h */ = {isa = PBXFileReference; fileEncoding = 4; lastKnownFileType = sourcecode.c.h; path = setcolor.h; sourceTree = "<group>"; };
		E10D027A21DECEF8008F7B8C /* selectbox.h */ = {isa = PBXFileReference; fileEncoding = 4; lastKnownFileType = sourcecode.c.h; path = selectbox.h; sourceTree = "<group>"; };
		E10D027B21DECEF9008F7B8C /* screenwindow.h */ = {isa = PBXFileReference; fileEncoding = 4; lastKnownFileType = sourcecode.c.h; path = screenwindow.h; sourceTree = "<group>"; };
		E10D027C21DECEF9008F7B8C /* setactivearea.h */ = {isa = PBXFileReference; fileEncoding = 4; lastKnownFileType = sourcecode.c.h; path = setactivearea.h; sourceTree = "<group>"; };
		E10D027D21DECEF9008F7B8C /* selectstartupinstruction.cpp */ = {isa = PBXFileReference; fileEncoding = 4; lastKnownFileType = sourcecode.cpp.cpp; path = selectstartupinstruction.cpp; sourceTree = "<group>"; };
		E10D027E21DECEF9008F7B8C /* setpensize.cpp */ = {isa = PBXFileReference; fileEncoding = 4; lastKnownFileType = sourcecode.cpp.cpp; path = setpensize.cpp; sourceTree = "<group>"; };
		E10D028521DECF0F008F7B8C /* sort.h */ = {isa = PBXFileReference; fileEncoding = 4; lastKnownFileType = sourcecode.c.h; path = sort.h; sourceTree = "<group>"; };
		E10D028621DECF0F008F7B8C /* sort.cpp */ = {isa = PBXFileReference; fileEncoding = 4; lastKnownFileType = sourcecode.cpp.cpp; path = sort.cpp; sourceTree = "<group>"; };
		E10D028721DECF0F008F7B8C /* small.ico */ = {isa = PBXFileReference; lastKnownFileType = image.ico; path = small.ico; sourceTree = "<group>"; };
		E10D028821DECF0F008F7B8C /* smartnode.h */ = {isa = PBXFileReference; fileEncoding = 4; lastKnownFileType = sourcecode.c.h; path = smartnode.h; sourceTree = "<group>"; };
		E10D028C21DECF35008F7B8C /* stringadapter.h */ = {isa = PBXFileReference; fileEncoding = 4; lastKnownFileType = sourcecode.c.h; path = stringadapter.h; sourceTree = "<group>"; };
		E10D028D21DECF35008F7B8C /* term.cpp */ = {isa = PBXFileReference; fileEncoding = 4; lastKnownFileType = sourcecode.cpp.cpp; path = term.cpp; sourceTree = "<group>"; };
		E10D028E21DECF36008F7B8C /* startup.logoscript */ = {isa = PBXFileReference; fileEncoding = 4; lastKnownFileType = text; path = startup.logoscript; sourceTree = "<group>"; };
		E10D028F21DECF36008F7B8C /* startup.cpp */ = {isa = PBXFileReference; fileEncoding = 4; lastKnownFileType = sourcecode.cpp.cpp; path = startup.cpp; sourceTree = "<group>"; };
		E10D029121DECF36008F7B8C /* stringprintednode.cpp */ = {isa = PBXFileReference; fileEncoding = 4; lastKnownFileType = sourcecode.cpp.cpp; path = stringprintednode.cpp; sourceTree = "<group>"; };
		E10D029221DECF36008F7B8C /* startup.h */ = {isa = PBXFileReference; fileEncoding = 4; lastKnownFileType = sourcecode.c.h; path = startup.h; sourceTree = "<group>"; };
		E10D029321DECF36008F7B8C /* status.h */ = {isa = PBXFileReference; fileEncoding = 4; lastKnownFileType = sourcecode.c.h; path = status.h; sourceTree = "<group>"; };
		E10D029421DECF37008F7B8C /* statusdialog.h */ = {isa = PBXFileReference; fileEncoding = 4; lastKnownFileType = sourcecode.c.h; path = statusdialog.h; sourceTree = "<group>"; };
		E10D029521DECF37008F7B8C /* statusdialog.cpp */ = {isa = PBXFileReference; fileEncoding = 4; lastKnownFileType = sourcecode.cpp.cpp; path = statusdialog.cpp; sourceTree = "<group>"; };
		E10D029621DECF37008F7B8C /* term.h */ = {isa = PBXFileReference; fileEncoding = 4; lastKnownFileType = sourcecode.c.h; path = term.h; sourceTree = "<group>"; };
		E10D029721DECF37008F7B8C /* stringprintednode.h */ = {isa = PBXFileReference; fileEncoding = 4; lastKnownFileType = sourcecode.c.h; path = stringprintednode.h; sourceTree = "<group>"; };
		E10D029D21DECF54008F7B8C /* unix.cpp */ = {isa = PBXFileReference; fileEncoding = 4; lastKnownFileType = sourcecode.cpp.cpp; path = unix.cpp; sourceTree = "<group>"; };
		E10D029E21DECF54008F7B8C /* vector.cpp */ = {isa = PBXFileReference; fileEncoding = 4; lastKnownFileType = sourcecode.cpp.cpp; path = vector.cpp; sourceTree = "<group>"; };
		E10D029F21DECF54008F7B8C /* threed.cpp */ = {isa = PBXFileReference; fileEncoding = 4; lastKnownFileType = sourcecode.cpp.cpp; path = threed.cpp; sourceTree = "<group>"; };
		E10D02A021DECF55008F7B8C /* vector.h */ = {isa = PBXFileReference; fileEncoding = 4; lastKnownFileType = sourcecode.c.h; path = vector.h; sourceTree = "<group>"; };
		E10D02A121DECF55008F7B8C /* utils.h */ = {isa = PBXFileReference; fileEncoding = 4; lastKnownFileType = sourcecode.c.h; path = utils.h; sourceTree = "<group>"; };
		E10D02A221DECF55008F7B8C /* threed.h */ = {isa = PBXFileReference; fileEncoding = 4; lastKnownFileType = sourcecode.c.h; path = threed.h; sourceTree = "<group>"; };
		E10D02A321DECF55008F7B8C /* workspaceeditor.h */ = {isa = PBXFileReference; fileEncoding = 4; lastKnownFileType = sourcecode.c.h; path = workspaceeditor.h; sourceTree = "<group>"; };
		E10D02A421DECF55008F7B8C /* version.h */ = {isa = PBXFileReference; fileEncoding = 4; lastKnownFileType = sourcecode.c.h; path = version.h; sourceTree = "<group>"; };
		E10D02A521DECF55008F7B8C /* unix.h */ = {isa = PBXFileReference; fileEncoding = 4; lastKnownFileType = sourcecode.c.h; path = unix.h; sourceTree = "<group>"; };
		E10D02A621DECF55008F7B8C /* workspaceeditor.cpp */ = {isa = PBXFileReference; fileEncoding = 4; lastKnownFileType = sourcecode.cpp.cpp; path = workspaceeditor.cpp; sourceTree = "<group>"; };
		E10D02A721DECF56008F7B8C /* wxpurestubs.cpp */ = {isa = PBXFileReference; fileEncoding = 4; lastKnownFileType = sourcecode.cpp.cpp; path = wxpurestubs.cpp; sourceTree = "<group>"; };
		E10D02A821DECF56008F7B8C /* wrksp.cpp */ = {isa = PBXFileReference; fileEncoding = 4; lastKnownFileType = sourcecode.cpp.cpp; path = wrksp.cpp; sourceTree = "<group>"; };
		E10D02A921DECF56008F7B8C /* turtle.bmp */ = {isa = PBXFileReference; lastKnownFileType = image.bmp; path = turtle.bmp; sourceTree = "<group>"; };
		E10D02AA21DECF56008F7B8C /* wrksp.h */ = {isa = PBXFileReference; fileEncoding = 4; lastKnownFileType = sourcecode.c.h; path = wrksp.h; sourceTree = "<group>"; };
		E10D02AB21DECF56008F7B8C /* utils.cpp */ = {isa = PBXFileReference; fileEncoding = 4; lastKnownFileType = sourcecode.cpp.cpp; path = utils.cpp; sourceTree = "<group>"; };
		E10D02B421DED989008F7B8C /* libwx_osx_cocoau_webview-3.1.a */ = {isa = PBXFileReference; lastKnownFileType = archive.ar; name = "libwx_osx_cocoau_webview-3.1.a"; path = "../../../../usr/local/lib/libwx_osx_cocoau_webview-3.1.a"; sourceTree = "<group>"; };
		E10D02B521DED989008F7B8C /* libwxpng-3.1.a */ = {isa = PBXFileReference; lastKnownFileType = archive.ar; name = "libwxpng-3.1.a"; path = "../../../../usr/local/lib/libwxpng-3.1.a"; sourceTree = "<group>"; };
		E10D02B621DED989008F7B8C /* libwx_osx_cocoau_richtext-3.1.a */ = {isa = PBXFileReference; lastKnownFileType = archive.ar; name = "libwx_osx_cocoau_richtext-3.1.a"; path = "../../../../usr/local/lib/libwx_osx_cocoau_richtext-3.1.a"; sourceTree = "<group>"; };
		E10D02B721DED989008F7B8C /* libwx_osx_cocoau_ribbon-3.1.a */ = {isa = PBXFileReference; lastKnownFileType = archive.ar; name = "libwx_osx_cocoau_ribbon-3.1.a"; path = "../../../../usr/local/lib/libwx_osx_cocoau_ribbon-3.1.a"; sourceTree = "<group>"; };
		E10D02B821DED989008F7B8C /* libwxregexu-3.1.a */ = {isa = PBXFileReference; lastKnownFileType = archive.ar; name = "libwxregexu-3.1.a"; path = "../../../../usr/local/lib/libwxregexu-3.1.a"; sourceTree = "<group>"; };
		E10D02B921DED989008F7B8C /* libwxscintilla-3.1.a */ = {isa = PBXFileReference; lastKnownFileType = archive.ar; name = "libwxscintilla-3.1.a"; path = "../../../../usr/local/lib/libwxscintilla-3.1.a"; sourceTree = "<group>"; };
		E10D02BA21DED989008F7B8C /* libwx_osx_cocoau_stc-3.1.a */ = {isa = PBXFileReference; lastKnownFileType = archive.ar; name = "libwx_osx_cocoau_stc-3.1.a"; path = "../../../../usr/local/lib/libwx_osx_cocoau_stc-3.1.a"; sourceTree = "<group>"; };
		E10D02BB21DED989008F7B8C /* libwx_osx_cocoau_xrc-3.1.a */ = {isa = PBXFileReference; lastKnownFileType = archive.ar; name = "libwx_osx_cocoau_xrc-3.1.a"; path = "../../../../usr/local/lib/libwx_osx_cocoau_xrc-3.1.a"; sourceTree = "<group>"; };
		E10D02BC21DED989008F7B8C /* libwxtiff-3.1.a */ = {isa = PBXFileReference; lastKnownFileType = archive.ar; name = "libwxtiff-3.1.a"; path = "../../../../usr/local/lib/libwxtiff-3.1.a"; sourceTree = "<group>"; };
		E10D02BD21DED98A008F7B8C /* libwx_osx_cocoau_gl-3.1.a */ = {isa = PBXFileReference; lastKnownFileType = archive.ar; name = "libwx_osx_cocoau_gl-3.1.a"; path = "../../../../usr/local/lib/libwx_osx_cocoau_gl-3.1.a"; sourceTree = "<group>"; };
		E10D02BE21DED98A008F7B8C /* libwx_osx_cocoau_propgrid-3.1.a */ = {isa = PBXFileReference; lastKnownFileType = archive.ar; name = "libwx_osx_cocoau_propgrid-3.1.a"; path = "../../../../usr/local/lib/libwx_osx_cocoau_propgrid-3.1.a"; sourceTree = "<group>"; };
		E10D02BF21DED98A008F7B8C /* libwx_osx_cocoau_qa-3.1.a */ = {isa = PBXFileReference; lastKnownFileType = archive.ar; name = "libwx_osx_cocoau_qa-3.1.a"; path = "../../../../usr/local/lib/libwx_osx_cocoau_qa-3.1.a"; sourceTree = "<group>"; };
		E10D02C021DED98A008F7B8C /* libwx_osx_cocoau_adv-3.1.a */ = {isa = PBXFileReference; lastKnownFileType = archive.ar; name = "libwx_osx_cocoau_adv-3.1.a"; path = "../../../../usr/local/lib/libwx_osx_cocoau_adv-3.1.a"; sourceTree = "<group>"; };
		E10D02C121DED98A008F7B8C /* libwx_osx_cocoau_html-3.1.a */ = {isa = PBXFileReference; lastKnownFileType = archive.ar; name = "libwx_osx_cocoau_html-3.1.a"; path = "../../../../usr/local/lib/libwx_osx_cocoau_html-3.1.a"; sourceTree = "<group>"; };
		E10D02C221DED98A008F7B8C /* libwx_osx_cocoau_aui-3.1.a */ = {isa = PBXFileReference; lastKnownFileType = archive.ar; name = "libwx_osx_cocoau_aui-3.1.a"; path = "../../../../usr/local/lib/libwx_osx_cocoau_aui-3.1.a"; sourceTree = "<group>"; };
		E10D02C321DED98A008F7B8C /* libwx_osx_cocoau_media-3.1.a */ = {isa = PBXFileReference; lastKnownFileType = archive.ar; name = "libwx_osx_cocoau_media-3.1.a"; path = "../../../../usr/local/lib/libwx_osx_cocoau_media-3.1.a"; sourceTree = "<group>"; };
		E10D02C421DED98A008F7B8C /* libwx_osx_cocoau_core-3.1.a */ = {isa = PBXFileReference; lastKnownFileType = archive.ar; name = "libwx_osx_cocoau_core-3.1.a"; path = "../../../../usr/local/lib/libwx_osx_cocoau_core-3.1.a"; sourceTree = "<group>"; };
		E10D02C521DED98A008F7B8C /* libwx_baseu_net-3.1.a */ = {isa = PBXFileReference; lastKnownFileType = archive.ar; name = "libwx_baseu_net-3.1.a"; path = "../../../../usr/local/lib/libwx_baseu_net-3.1.a"; sourceTree = "<group>"; };
		E10D02C621DED98A008F7B8C /* libwx_baseu-3.1.a */ = {isa = PBXFileReference; lastKnownFileType = archive.ar; name = "libwx_baseu-3.1.a"; path = "../../../../usr/local/lib/libwx_baseu-3.1.a"; sourceTree = "<group>"; };
		E10D02C721DED98A008F7B8C /* libwxjpeg-3.1.a */ = {isa = PBXFileReference; lastKnownFileType = archive.ar; name = "libwxjpeg-3.1.a"; path = "../../../../usr/local/lib/libwxjpeg-3.1.a"; sourceTree = "<group>"; };
		E10D02C821DED98A008F7B8C /* libwx_baseu_xml-3.1.a */ = {isa = PBXFileReference; lastKnownFileType = archive.ar; name = "libwx_baseu_xml-3.1.a"; path = "../../../../usr/local/lib/libwx_baseu_xml-3.1.a"; sourceTree = "<group>"; };
		E10D02DE21DEDC78008F7B8C /* CoreFoundation.framework */ = {isa = PBXFileReference; lastKnownFileType = wrapper.framework; name = CoreFoundation.framework; path = System/Library/Frameworks/CoreFoundation.framework; sourceTree = SDKROOT; };
		E10D02E021DEDC9F008F7B8C /* CoreGraphics.framework */ = {isa = PBXFileReference; lastKnownFileType = wrapper.framework; name = CoreGraphics.framework; path = System/Library/Frameworks/CoreGraphics.framework; sourceTree = SDKROOT; };
		E10D02E221DEDCCF008F7B8C /* CoreImage.framework */ = {isa = PBXFileReference; lastKnownFileType = wrapper.framework; name = CoreImage.framework; path = System/Library/Frameworks/CoreImage.framework; sourceTree = SDKROOT; };
		E10D02E421DEDD08008F7B8C /* CoreText.framework */ = {isa = PBXFileReference; lastKnownFileType = wrapper.framework; name = CoreText.framework; path = System/Library/Frameworks/CoreText.framework; sourceTree = SDKROOT; };
		E10D02E621DEDD3E008F7B8C /* CFNetwork.framework */ = {isa = PBXFileReference; lastKnownFileType = wrapper.framework; name = CFNetwork.framework; path = System/Library/Frameworks/CFNetwork.framework; sourceTree = SDKROOT; };
		E10D02E821DEDD53008F7B8C /* IOSurface.framework */ = {isa = PBXFileReference; lastKnownFileType = wrapper.framework; name = IOSurface.framework; path = System/Library/Frameworks/IOSurface.framework; sourceTree = SDKROOT; };
		E10D02EA21DEDDB5008F7B8C /* Foundation.framework */ = {isa = PBXFileReference; lastKnownFileType = wrapper.framework; name = Foundation.framework; path = System/Library/Frameworks/Foundation.framework; sourceTree = SDKROOT; };
		E10D02EC21DEDE52008F7B8C /* ImageIO.framework */ = {isa = PBXFileReference; lastKnownFileType = wrapper.framework; name = ImageIO.framework; path = System/Library/Frameworks/ImageIO.framework; sourceTree = SDKROOT; };
		E10D02EE21DEDEAF008F7B8C /* Carbon.framework */ = {isa = PBXFileReference; lastKnownFileType = wrapper.framework; name = Carbon.framework; path = System/Library/Frameworks/Carbon.framework; sourceTree = SDKROOT; };
		E10D02F021DEDF90008F7B8C /* IOKit.framework */ = {isa = PBXFileReference; lastKnownFileType = wrapper.framework; name = IOKit.framework; path = System/Library/Frameworks/IOKit.framework; sourceTree = SDKROOT; };
		E10D02F221DEDFA5008F7B8C /* AudioToolbox.framework */ = {isa = PBXFileReference; lastKnownFileType = wrapper.framework; name = AudioToolbox.framework; path = System/Library/Frameworks/AudioToolbox.framework; sourceTree = SDKROOT; };
		E10D02F421DEDFC5008F7B8C /* OpenGL.framework */ = {isa = PBXFileReference; lastKnownFileType = wrapper.framework; name = OpenGL.framework; path = System/Library/Frameworks/OpenGL.framework; sourceTree = SDKROOT; };
		E10D02F621DEE004008F7B8C /* WebKit.framework */ = {isa = PBXFileReference; lastKnownFileType = wrapper.framework; name = WebKit.framework; path = System/Library/Frameworks/WebKit.framework; sourceTree = SDKROOT; };
		E10D02F821DEE07A008F7B8C /* Kernel.framework */ = {isa = PBXFileReference; lastKnownFileType = wrapper.framework; name = Kernel.framework; path = System/Library/Frameworks/Kernel.framework; sourceTree = SDKROOT; };
		E10D02FA21DEE0D4008F7B8C /* AppKit.framework */ = {isa = PBXFileReference; lastKnownFileType = wrapper.framework; name = AppKit.framework; path = System/Library/Frameworks/AppKit.framework; sourceTree = SDKROOT; };
		E10D02FC21DEE17A008F7B8C /* libxml2.2.tbd */ = {isa = PBXFileReference; lastKnownFileType = "sourcecode.text-based-dylib-definition"; name = libxml2.2.tbd; path = usr/lib/libxml2.2.tbd; sourceTree = SDKROOT; };
		E10D02FE21DEE1C2008F7B8C /* libz.tbd */ = {isa = PBXFileReference; lastKnownFileType = "sourcecode.text-based-dylib-definition"; name = libz.tbd; path = usr/lib/libz.tbd; sourceTree = SDKROOT; };
		E10D030021DEE209008F7B8C /* libiconv.2.4.0.tbd */ = {isa = PBXFileReference; lastKnownFileType = "sourcecode.text-based-dylib-definition"; name = libiconv.2.4.0.tbd; path = usr/lib/libiconv.2.4.0.tbd; sourceTree = SDKROOT; };
		E10D030221DEE247008F7B8C /* libxml2.tbd */ = {isa = PBXFileReference; lastKnownFileType = "sourcecode.text-based-dylib-definition"; name = libxml2.tbd; path = usr/lib/libxml2.tbd; sourceTree = SDKROOT; };
		E10D030421DEE2B5008F7B8C /* libexpat.tbd */ = {isa = PBXFileReference; lastKnownFileType = "sourcecode.text-based-dylib-definition"; name = libexpat.tbd; path = usr/lib/libexpat.tbd; sourceTree = SDKROOT; };
		E10D030621DEEBEC008F7B8C /* localizedstrings-zh-cn-ucs2le.h */ = {isa = PBXFileReference; lastKnownFileType = sourcecode.c.h; path = "localizedstrings-zh-cn-ucs2le.h"; sourceTree = "<group>"; };
		E10D030721DEEBEC008F7B8C /* localizedstrings-es-ucs2le.h */ = {isa = PBXFileReference; lastKnownFileType = sourcecode.c.h; path = "localizedstrings-es-ucs2le.h"; sourceTree = "<group>"; };
		E10D030821DEEBEC008F7B8C /* localizedstrings-it-ucs2le.h */ = {isa = PBXFileReference; lastKnownFileType = sourcecode.c.h; path = "localizedstrings-it-ucs2le.h"; sourceTree = "<group>"; };
		E10D030921DEEBEC008F7B8C /* localizedstrings-de-ucs2le.h */ = {isa = PBXFileReference; lastKnownFileType = sourcecode.c.h; path = "localizedstrings-de-ucs2le.h"; sourceTree = "<group>"; };
		E10D030A21DEEBEC008F7B8C /* localizedstrings-gr-ucs2le.h */ = {isa = PBXFileReference; lastKnownFileType = sourcecode.c.h; path = "localizedstrings-gr-ucs2le.h"; sourceTree = "<group>"; };
		E10D030B21DEEBEC008F7B8C /* localizedstrings-fr-ucs2le.h */ = {isa = PBXFileReference; lastKnownFileType = sourcecode.c.h; path = "localizedstrings-fr-ucs2le.h"; sourceTree = "<group>"; };
		E10D030C21DEEBEC008F7B8C /* localizedstrings-ps-ucs2le.h */ = {isa = PBXFileReference; lastKnownFileType = sourcecode.c.h; path = "localizedstrings-ps-ucs2le.h"; sourceTree = "<group>"; };
		E10D030D21DEEBED008F7B8C /* localizedstrings-hr-ucs2le.h */ = {isa = PBXFileReference; lastKnownFileType = sourcecode.c.h; path = "localizedstrings-hr-ucs2le.h"; sourceTree = "<group>"; };
		E10D030E21DEEBED008F7B8C /* localizedstrings-en-ucs2le.h */ = {isa = PBXFileReference; lastKnownFileType = sourcecode.c.h; path = "localizedstrings-en-ucs2le.h"; sourceTree = "<group>"; };
		E10D030F21DEEBED008F7B8C /* localizedstrings-pl-ucs2le.h */ = {isa = PBXFileReference; lastKnownFileType = sourcecode.c.h; path = "localizedstrings-pl-ucs2le.h"; sourceTree = "<group>"; };
		E10D031021DEEBED008F7B8C /* localizedstrings-pt-ucs2le.h */ = {isa = PBXFileReference; lastKnownFileType = sourcecode.c.h; path = "localizedstrings-pt-ucs2le.h"; sourceTree = "<group>"; };
		E10D031121DEEBED008F7B8C /* localizedstrings-ru-ucs2le.h */ = {isa = PBXFileReference; lastKnownFileType = sourcecode.c.h; path = "localizedstrings-ru-ucs2le.h"; sourceTree = "<group>"; };
		E10D032021E02771008F7B8C /* LexFmsLogo.cxx */ = {isa = PBXFileReference; fileEncoding = 4; lastKnownFileType = sourcecode.cpp.cpp; name = LexFmsLogo.cxx; path = scintilla/LexFmsLogo.cxx; sourceTree = "<group>"; };
		E10D032221E02875008F7B8C /* SciLexer.h */ = {isa = PBXFileReference; fileEncoding = 4; lastKnownFileType = sourcecode.c.h; name = SciLexer.h; path = scintilla/SciLexer.h; sourceTree = "<group>"; };
		E10D032321E0288B008F7B8C /* Accessor.h */ = {isa = PBXFileReference; fileEncoding = 4; lastKnownFileType = sourcecode.c.h; name = Accessor.h; path = scintilla/include/Accessor.h; sourceTree = "<group>"; };
		E10D032421E0288B008F7B8C /* Scintilla.h */ = {isa = PBXFileReference; fileEncoding = 4; lastKnownFileType = sourcecode.c.h; name = Scintilla.h; path = scintilla/include/Scintilla.h; sourceTree = "<group>"; };
		E10D032521E0288B008F7B8C /* Catalogue.h */ = {isa = PBXFileReference; fileEncoding = 4; lastKnownFileType = sourcecode.c.h; name = Catalogue.h; path = scintilla/include/Catalogue.h; sourceTree = "<group>"; };
		E10D032621E0288B008F7B8C /* StyleContext.h */ = {isa = PBXFileReference; fileEncoding = 4; lastKnownFileType = sourcecode.c.h; name = StyleContext.h; path = scintilla/include/StyleContext.h; sourceTree = "<group>"; };
		E10D032721E0288B008F7B8C /* WordList.h */ = {isa = PBXFileReference; fileEncoding = 4; lastKnownFileType = sourcecode.c.h; name = WordList.h; path = scintilla/include/WordList.h; sourceTree = "<group>"; };
		E10D032821E0288B008F7B8C /* ILexer.h */ = {isa = PBXFileReference; fileEncoding = 4; lastKnownFileType = sourcecode.c.h; name = ILexer.h; path = scintilla/include/ILexer.h; sourceTree = "<group>"; };
		E10D032921E0288C008F7B8C /* LexAccessor.h */ = {isa = PBXFileReference; fileEncoding = 4; lastKnownFileType = sourcecode.c.h; name = LexAccessor.h; path = scintilla/include/LexAccessor.h; sourceTree = "<group>"; };
		E10D032A21E0288C008F7B8C /* LexerModule.h */ = {isa = PBXFileReference; fileEncoding = 4; lastKnownFileType = sourcecode.c.h; name = LexerModule.h; path = scintilla/include/LexerModule.h; sourceTree = "<group>"; };
		E10D032B21E0288C008F7B8C /* CharacterSet.h */ = {isa = PBXFileReference; fileEncoding = 4; lastKnownFileType = sourcecode.c.h; name = CharacterSet.h; path = scintilla/include/CharacterSet.h; sourceTree = "<group>"; };
		E10D032C21E11146008F7B8C /* CUTF16FileTextStream.cpp */ = {isa = PBXFileReference; fileEncoding = 4; lastKnownFileType = sourcecode.cpp.cpp; path = CUTF16FileTextStream.cpp; sourceTree = "<group>"; };
		E10D032D21E11146008F7B8C /* CUTF8FileTextStream.h */ = {isa = PBXFileReference; fileEncoding = 4; lastKnownFileType = sourcecode.c.h; path = CUTF8FileTextStream.h; sourceTree = "<group>"; };
		E10D032E21E11147008F7B8C /* CUTF8FileTextStream.cpp */ = {isa = PBXFileReference; fileEncoding = 4; lastKnownFileType = sourcecode.cpp.cpp; path = CUTF8FileTextStream.cpp; sourceTree = "<group>"; };
		E10D032F21E11147008F7B8C /* CUTF16FileTextStream.h */ = {isa = PBXFileReference; fileEncoding = 4; lastKnownFileType = sourcecode.c.h; path = CUTF16FileTextStream.h; sourceTree = "<group>"; };
		E10D033221E187EF008F7B8C /* startup.logoscript */ = {isa = PBXFileReference; lastKnownFileType = text; path = startup.logoscript; sourceTree = "<group>"; };
		E1A4BAEE21DECB65006097DD /* fmslogo-unicode */ = {isa = PBXFileReference; explicitFileType = "compiled.mach-o.executable"; includeInIndex = 0; path = "fmslogo-unicode"; sourceTree = BUILT_PRODUCTS_DIR; };
/* End PBXFileReference section */

/* Begin PBXFrameworksBuildPhase section */
		E1A4BAEB21DECB65006097DD /* Frameworks */ = {
			isa = PBXFrameworksBuildPhase;
			buildActionMask = 2147483647;
			files = (
				E10D030521DEE2B5008F7B8C /* libexpat.tbd in Frameworks */,
				E10D030321DEE247008F7B8C /* libxml2.tbd in Frameworks */,
				E10D030121DEE209008F7B8C /* libiconv.2.4.0.tbd in Frameworks */,
				E10D02FF21DEE1C2008F7B8C /* libz.tbd in Frameworks */,
				E10D02FD21DEE17A008F7B8C /* libxml2.2.tbd in Frameworks */,
				E10D02FB21DEE0D5008F7B8C /* AppKit.framework in Frameworks */,
				E10D02F721DEE004008F7B8C /* WebKit.framework in Frameworks */,
				E10D02F521DEDFC5008F7B8C /* OpenGL.framework in Frameworks */,
				E10D02F321DEDFA5008F7B8C /* AudioToolbox.framework in Frameworks */,
				E10D02F121DEDF90008F7B8C /* IOKit.framework in Frameworks */,
				E10D02EF21DEDEAF008F7B8C /* Carbon.framework in Frameworks */,
				E10D02ED21DEDE52008F7B8C /* ImageIO.framework in Frameworks */,
				E10D02EB21DEDDB6008F7B8C /* Foundation.framework in Frameworks */,
				E10D02E721DEDD3E008F7B8C /* CFNetwork.framework in Frameworks */,
				E10D02E521DEDD08008F7B8C /* CoreText.framework in Frameworks */,
				E10D02E321DEDCCF008F7B8C /* CoreImage.framework in Frameworks */,
				E10D02E121DEDC9F008F7B8C /* CoreGraphics.framework in Frameworks */,
				E10D02DF21DEDC78008F7B8C /* CoreFoundation.framework in Frameworks */,
				E10D02C921DED98A008F7B8C /* libwx_osx_cocoau_webview-3.1.a in Frameworks */,
				E10D02CA21DED98A008F7B8C /* libwxpng-3.1.a in Frameworks */,
				E10D02CB21DED98A008F7B8C /* libwx_osx_cocoau_richtext-3.1.a in Frameworks */,
				E10D02CC21DED98A008F7B8C /* libwx_osx_cocoau_ribbon-3.1.a in Frameworks */,
				E10D02CD21DED98A008F7B8C /* libwxregexu-3.1.a in Frameworks */,
				E10D02CE21DED98A008F7B8C /* libwxscintilla-3.1.a in Frameworks */,
				E10D02CF21DED98A008F7B8C /* libwx_osx_cocoau_stc-3.1.a in Frameworks */,
				E10D02D021DED98A008F7B8C /* libwx_osx_cocoau_xrc-3.1.a in Frameworks */,
				E10D02D221DED98A008F7B8C /* libwx_osx_cocoau_gl-3.1.a in Frameworks */,
				E10D02D321DED98A008F7B8C /* libwx_osx_cocoau_propgrid-3.1.a in Frameworks */,
				E10D02D421DED98A008F7B8C /* libwx_osx_cocoau_qa-3.1.a in Frameworks */,
				E10D02D521DED98A008F7B8C /* libwx_osx_cocoau_adv-3.1.a in Frameworks */,
				E10D02D621DED98A008F7B8C /* libwx_osx_cocoau_html-3.1.a in Frameworks */,
				E10D02D721DED98A008F7B8C /* libwx_osx_cocoau_aui-3.1.a in Frameworks */,
				E10D02D821DED98A008F7B8C /* libwx_osx_cocoau_media-3.1.a in Frameworks */,
				E10D02D921DED98A008F7B8C /* libwx_osx_cocoau_core-3.1.a in Frameworks */,
				E10D02DA21DED98A008F7B8C /* libwx_baseu_net-3.1.a in Frameworks */,
				E10D02DB21DED98A008F7B8C /* libwx_baseu-3.1.a in Frameworks */,
				E10D02DC21DED98A008F7B8C /* libwxjpeg-3.1.a in Frameworks */,
				E10D02DD21DED98A008F7B8C /* libwx_baseu_xml-3.1.a in Frameworks */,
			);
			runOnlyForDeploymentPostprocessing = 0;
		};
/* End PBXFrameworksBuildPhase section */

/* Begin PBXGroup section */
		E10D02B321DED989008F7B8C /* Frameworks */ = {
			isa = PBXGroup;
			children = (
				E10D030421DEE2B5008F7B8C /* libexpat.tbd */,
				E10D030221DEE247008F7B8C /* libxml2.tbd */,
				E10D030021DEE209008F7B8C /* libiconv.2.4.0.tbd */,
				E10D02FE21DEE1C2008F7B8C /* libz.tbd */,
				E10D02FC21DEE17A008F7B8C /* libxml2.2.tbd */,
				E10D02FA21DEE0D4008F7B8C /* AppKit.framework */,
				E10D02F821DEE07A008F7B8C /* Kernel.framework */,
				E10D02F621DEE004008F7B8C /* WebKit.framework */,
				E10D02F421DEDFC5008F7B8C /* OpenGL.framework */,
				E10D02F221DEDFA5008F7B8C /* AudioToolbox.framework */,
				E10D02F021DEDF90008F7B8C /* IOKit.framework */,
				E10D02EE21DEDEAF008F7B8C /* Carbon.framework */,
				E10D02EC21DEDE52008F7B8C /* ImageIO.framework */,
				E10D02EA21DEDDB5008F7B8C /* Foundation.framework */,
				E10D02E821DEDD53008F7B8C /* IOSurface.framework */,
				E10D02E621DEDD3E008F7B8C /* CFNetwork.framework */,
				E10D02E421DEDD08008F7B8C /* CoreText.framework */,
				E10D02E221DEDCCF008F7B8C /* CoreImage.framework */,
				E10D02E021DEDC9F008F7B8C /* CoreGraphics.framework */,
				E10D02DE21DEDC78008F7B8C /* CoreFoundation.framework */,
				E10D02C521DED98A008F7B8C /* libwx_baseu_net-3.1.a */,
				E10D02C821DED98A008F7B8C /* libwx_baseu_xml-3.1.a */,
				E10D02C621DED98A008F7B8C /* libwx_baseu-3.1.a */,
				E10D02C021DED98A008F7B8C /* libwx_osx_cocoau_adv-3.1.a */,
				E10D02C221DED98A008F7B8C /* libwx_osx_cocoau_aui-3.1.a */,
				E10D02C421DED98A008F7B8C /* libwx_osx_cocoau_core-3.1.a */,
				E10D02BD21DED98A008F7B8C /* libwx_osx_cocoau_gl-3.1.a */,
				E10D02C121DED98A008F7B8C /* libwx_osx_cocoau_html-3.1.a */,
				E10D02C321DED98A008F7B8C /* libwx_osx_cocoau_media-3.1.a */,
				E10D02BE21DED98A008F7B8C /* libwx_osx_cocoau_propgrid-3.1.a */,
				E10D02BF21DED98A008F7B8C /* libwx_osx_cocoau_qa-3.1.a */,
				E10D02B721DED989008F7B8C /* libwx_osx_cocoau_ribbon-3.1.a */,
				E10D02B621DED989008F7B8C /* libwx_osx_cocoau_richtext-3.1.a */,
				E10D02BA21DED989008F7B8C /* libwx_osx_cocoau_stc-3.1.a */,
				E10D02B421DED989008F7B8C /* libwx_osx_cocoau_webview-3.1.a */,
				E10D02BB21DED989008F7B8C /* libwx_osx_cocoau_xrc-3.1.a */,
				E10D02C721DED98A008F7B8C /* libwxjpeg-3.1.a */,
				E10D02B521DED989008F7B8C /* libwxpng-3.1.a */,
				E10D02B821DED989008F7B8C /* libwxregexu-3.1.a */,
				E10D02B921DED989008F7B8C /* libwxscintilla-3.1.a */,
				E10D02BC21DED989008F7B8C /* libwxtiff-3.1.a */,
			);
			name = Frameworks;
			sourceTree = "<group>";
		};
		E1A4BAE521DECB65006097DD = {
			isa = PBXGroup;
			children = (
				E10D033221E187EF008F7B8C /* startup.logoscript */,
				E10D032E21E11147008F7B8C /* CUTF8FileTextStream.cpp */,
				E10D032D21E11146008F7B8C /* CUTF8FileTextStream.h */,
				E10D032C21E11146008F7B8C /* CUTF16FileTextStream.cpp */,
				E10D032F21E11147008F7B8C /* CUTF16FileTextStream.h */,
				E10D018821DECD44008F7B8C /* 3dsolid.cpp */,
				E10D018A21DECD58008F7B8C /* 3dsolid.h */,
				E10D019721DECDA3008F7B8C /* aboutfmslogo.cpp */,
				E10D019621DECDA3008F7B8C /* aboutfmslogo.h */,
				E10D019A21DECDA3008F7B8C /* aboutmultiplesclerosis.cpp */,
				E10D018E21DECDA2008F7B8C /* aboutmultiplesclerosis.h */,
				E10D032321E0288B008F7B8C /* Accessor.h */,
				E10D019521DECDA3008F7B8C /* activearea.cpp */,
				E10D019021DECDA2008F7B8C /* activearea.h */,
				E10D019821DECDA3008F7B8C /* appendablelist.cpp */,
				E10D019421DECDA3008F7B8C /* appendablelist.h */,
				E10D018F21DECDA2008F7B8C /* argumentutils.cpp */,
				E10D018D21DECDA2008F7B8C /* argumentutils.h */,
				E10D019921DECDA3008F7B8C /* avltree.cpp */,
				E10D018B21DECDA2008F7B8C /* avltree.h */,
				E10D032521E0288B008F7B8C /* Catalogue.h */,
				E10D018C21DECDA2008F7B8C /* CConstStringTextReadonlyStream.cpp */,
				E10D019321DECDA3008F7B8C /* CConstStringTextReadonlyStream.h */,
				E10D019221DECDA3008F7B8C /* CFileTextStream.cpp */,
				E10D019121DECDA2008F7B8C /* CFileTextStream.h */,
				E10D032B21E0288C008F7B8C /* CharacterSet.h */,
				E10D01AF21DECDBF008F7B8C /* CLocalizedStringProvider.cpp */,
				E10D01AD21DECDBF008F7B8C /* CLocalizedStringProvider.h */,
				E10D01AA21DECDBE008F7B8C /* CMbcsFileTextStream.cpp */,
				E10D01A821DECDBE008F7B8C /* CMbcsFileTextStream.h */,
				E10D01A621DECDBE008F7B8C /* CNodePrinter.cpp */,
				E10D01A521DECDBE008F7B8C /* CNodePrinter.h */,
				E10D01A721DECDBE008F7B8C /* commander.cpp */,
				E10D01B021DECDBF008F7B8C /* commander.h */,
				E10D01B321DECDBF008F7B8C /* commanderbutton.cpp */,
				E10D01B121DECDBF008F7B8C /* commanderbutton.h */,
				E10D01B221DECDBF008F7B8C /* commanderhistory.cpp */,
				E10D01AC21DECDBF008F7B8C /* commanderhistory.h */,
				E10D01A421DECDBE008F7B8C /* commanderinput.cpp */,
				E10D01AB21DECDBE008F7B8C /* commanderinput.h */,
				E10D01A921DECDBE008F7B8C /* commandertogglebutton.cpp */,
				E10D01B421DECDC0008F7B8C /* commandertogglebutton.h */,
				E10D01A321DECDBE008F7B8C /* coms.cpp */,
				E10D01AE21DECDBF008F7B8C /* coms.h */,
				E10D01C321DECDD4008F7B8C /* const.h */,
				E10D01BE21DECDD4008F7B8C /* CStringTextStream.cpp */,
				E10D01C621DECDD4008F7B8C /* CStringTextStream.h */,
				E10D01C221DECDD4008F7B8C /* CTextStream.cpp */,
				E10D01C421DECDD4008F7B8C /* CTextStream.h */,
				E10D01C021DECDD4008F7B8C /* cursor.cpp */,
				E10D01BF21DECDD4008F7B8C /* cursor.h */,
				E10D01D721DECDFE008F7B8C /* devwind.cpp */,
				E10D01D421DECDFE008F7B8C /* devwind.h */,
				E10D01D221DECDFD008F7B8C /* dlgwind.h */,
				E10D01D521DECDFE008F7B8C /* dynamicbuffer.cpp */,
				E10D01D121DECDFD008F7B8C /* dynamicbuffer.h */,
				E10D01D921DECDFE008F7B8C /* editproceduredialog.cpp */,
				E10D01CC21DECDFD008F7B8C /* editproceduredialog.h */,
				E10D01DA21DECDFE008F7B8C /* eraseproceduredialog.cpp */,
				E10D01D321DECDFE008F7B8C /* eraseproceduredialog.h */,
				E10D01D821DECDFE008F7B8C /* error.cpp */,
				E10D01CD21DECDFD008F7B8C /* error.h */,
				E10D01DB21DECDFE008F7B8C /* eval.cpp */,
				E10D01CB21DECDFD008F7B8C /* eval.h */,
				E10D01E421DECE0F008F7B8C /* files.cpp */,
				E10D01E621DECE0F008F7B8C /* files.h */,
				E10D01E521DECE0F008F7B8C /* fileswnd.cpp */,
				E10D01E721DECE0F008F7B8C /* fileswnd.h */,
				E10D01EA21DECE22008F7B8C /* FMSLogo.cpp */,
				E10D01EB21DECE22008F7B8C /* FMSLogo.h */,
				E10D01FD21DECE39008F7B8C /* fontutils.cpp */,
				E10D01F321DECE38008F7B8C /* fontutils.h */,
				E10D02B321DED989008F7B8C /* Frameworks */,
				E10D01EF21DECE38008F7B8C /* gbm.cpp */,
				E10D01FA21DECE39008F7B8C /* gbm.h */,
				E10D01F421DECE38008F7B8C /* gbmbmp.cpp */,
				E10D01F921DECE39008F7B8C /* gbmbmp.h */,
				E10D01ED21DECE37008F7B8C /* gbmgif.cpp */,
				E10D01F021DECE38008F7B8C /* gbmgif.h */,
				E10D01F521DECE38008F7B8C /* gbmhelp.cpp */,
				E10D01F121DECE38008F7B8C /* gbmhelp.h */,
				E10D01FB21DECE39008F7B8C /* gbmsize.cpp */,
				E10D01F221DECE38008F7B8C /* graphics.cpp */,
				E10D01F621DECE38008F7B8C /* graphics.h */,
				E10D01FC21DECE39008F7B8C /* graphwin.cpp */,
				E10D01F721DECE39008F7B8C /* graphwin.h */,
				E10D01F821DECE39008F7B8C /* guiutils.cpp */,
				E10D01EE21DECE37008F7B8C /* guiutils.h */,
				E10D020A21DECE50008F7B8C /* helputils.cpp */,
				E10D020921DECE50008F7B8C /* helputils.h */,
				E10D020721DECE50008F7B8C /* ibmterm.cpp */,
				E10D020C21DECE51008F7B8C /* ibmterm.h */,
				E10D032821E0288B008F7B8C /* ILexer.h */,
				E10D020B21DECE50008F7B8C /* init.cpp */,
				E10D020821DECE50008F7B8C /* init.h */,
				E10D023021DECE72008F7B8C /* intern.cpp */,
				E10D022721DECE71008F7B8C /* intern.h */,
				E10D032921E0288C008F7B8C /* LexAccessor.h */,
				E10D032A21E0288C008F7B8C /* LexerModule.h */,
				E10D032021E02771008F7B8C /* LexFmsLogo.cxx */,
				E10D022221DECE70008F7B8C /* lists.cpp */,
				E10D022321DECE70008F7B8C /* lists.h */,
				E10D023521DECE73008F7B8C /* localizednode.cpp */,
				E10D022D21DECE72008F7B8C /* localizednode.h */,
				E10D030921DEEBEC008F7B8C /* localizedstrings-de-ucs2le.h */,
				E10D030E21DEEBED008F7B8C /* localizedstrings-en-ucs2le.h */,
				E10D030721DEEBEC008F7B8C /* localizedstrings-es-ucs2le.h */,
				E10D030B21DEEBEC008F7B8C /* localizedstrings-fr-ucs2le.h */,
				E10D030A21DEEBEC008F7B8C /* localizedstrings-gr-ucs2le.h */,
				E10D030D21DEEBED008F7B8C /* localizedstrings-hr-ucs2le.h */,
				E10D030821DEEBEC008F7B8C /* localizedstrings-it-ucs2le.h */,
				E10D030F21DEEBED008F7B8C /* localizedstrings-pl-ucs2le.h */,
				E10D030C21DEEBEC008F7B8C /* localizedstrings-ps-ucs2le.h */,
				E10D031021DEEBED008F7B8C /* localizedstrings-pt-ucs2le.h */,
				E10D031121DEEBED008F7B8C /* localizedstrings-ru-ucs2le.h */,
				E10D030621DEEBEC008F7B8C /* localizedstrings-zh-cn-ucs2le.h */,
				E10D023421DECE73008F7B8C /* localizedstrings.cpp */,
				E10D022A21DECE71008F7B8C /* localizedstrings.h */,
				E10D021121DECE6E008F7B8C /* logocodectrl.cpp */,
				E10D021421DECE6F008F7B8C /* logocodectrl.h */,
				E10D023221DECE72008F7B8C /* logocore.h */,
				E10D021521DECE6F008F7B8C /* logodata.cpp */,
				E10D021821DECE6F008F7B8C /* logodata.h */,
				E10D022C21DECE72008F7B8C /* logodialogboxes.cpp */,
				E10D021F21DECE70008F7B8C /* logoeventqueue.cpp */,
				E10D021921DECE6F008F7B8C /* logoeventqueue.h */,
				E10D024221DECE86008F7B8C /* logomath.cpp */,
				E10D024621DECE86008F7B8C /* logomath.h */,
				E10D024421DECE86008F7B8C /* logorc.h */,
				E10D024321DECE86008F7B8C /* mainframe.cpp */,
				E10D024721DECE86008F7B8C /* mainframe.h */,
				E10D024521DECE86008F7B8C /* mainwind.cpp */,
				E10D024121DECE85008F7B8C /* mainwind.h */,
				E10D024C21DECE9C008F7B8C /* mem.cpp */,
				E10D025321DECE9D008F7B8C /* mem.h */,
				E10D024B21DECE9C008F7B8C /* messagebox.cpp */,
				E10D024E21DECE9C008F7B8C /* messagebox.h */,
				E10D025A21DECE9E008F7B8C /* minieditor.cpp */,
				E10D025621DECE9D008F7B8C /* minieditor.h */,
				E10D025221DECE9D008F7B8C /* minieditortextctrl.cpp */,
				E10D024D21DECE9C008F7B8C /* minieditortextctrl.h */,
				E10D025B21DECE9E008F7B8C /* paren.cpp */,
				E10D025021DECE9D008F7B8C /* paren.h */,
				E10D025121DECE9D008F7B8C /* parse.cpp */,
				E10D025721DECE9E008F7B8C /* parse.h */,
				E10D026521DECEB8008F7B8C /* pch.h */,
				E10D026421DECEB8008F7B8C /* print.cpp */,
				E10D026621DECEB8008F7B8C /* print.h */,
				E1A4BAEF21DECB65006097DD /* Products */,
				E10D026721DECEB8008F7B8C /* questionbox.cpp */,
				E10D026821DECEB8008F7B8C /* questionbox.h */,
				E10D026B21DECECA008F7B8C /* Resource.h */,
				E10D026C21DECECA008F7B8C /* savebeforeexitdialog.cpp */,
				E10D026D21DECECA008F7B8C /* savebeforeexitdialog.h */,
				E10D032221E02875008F7B8C /* SciLexer.h */,
				E10D032421E0288B008F7B8C /* Scintilla.h */,
				E10D026F21DECEDF008F7B8C /* screen.cpp */,
				E10D027021DECEDF008F7B8C /* screen.h */,
				E10D027B21DECEF9008F7B8C /* screenwindow.h */,
				E10D027321DECEF7008F7B8C /* selectbox.cpp */,
				E10D027A21DECEF8008F7B8C /* selectbox.h */,
				E10D027521DECEF8008F7B8C /* selectproceduredialog.cpp */,
				E10D027621DECEF8008F7B8C /* selectproceduredialog.h */,
				E10D027D21DECEF9008F7B8C /* selectstartupinstruction.cpp */,
				E10D027221DECEF7008F7B8C /* selectstartupinstruction.h */,
				E10D027421DECEF7008F7B8C /* setactivearea.cpp */,
				E10D027C21DECEF9008F7B8C /* setactivearea.h */,
				E10D027721DECEF8008F7B8C /* setcolor.cpp */,
				E10D027921DECEF8008F7B8C /* setcolor.h */,
				E10D027E21DECEF9008F7B8C /* setpensize.cpp */,
				E10D027821DECEF8008F7B8C /* setpensize.h */,
				E10D028721DECF0F008F7B8C /* small.ico */,
				E10D028821DECF0F008F7B8C /* smartnode.h */,
				E10D028621DECF0F008F7B8C /* sort.cpp */,
				E10D028521DECF0F008F7B8C /* sort.h */,
				E10D028F21DECF36008F7B8C /* startup.cpp */,
				E10D029221DECF36008F7B8C /* startup.h */,
				E10D028E21DECF36008F7B8C /* startup.logoscript */,
				E10D029321DECF36008F7B8C /* status.h */,
				E10D029521DECF37008F7B8C /* statusdialog.cpp */,
				E10D029421DECF37008F7B8C /* statusdialog.h */,
				E10D028C21DECF35008F7B8C /* stringadapter.h */,
				E10D029121DECF36008F7B8C /* stringprintednode.cpp */,
				E10D029721DECF37008F7B8C /* stringprintednode.h */,
				E10D032621E0288B008F7B8C /* StyleContext.h */,
				E10D028D21DECF35008F7B8C /* term.cpp */,
				E10D029621DECF37008F7B8C /* term.h */,
				E10D029F21DECF54008F7B8C /* threed.cpp */,
				E10D02A221DECF55008F7B8C /* threed.h */,
				E10D02A921DECF56008F7B8C /* turtle.bmp */,
				E10D029D21DECF54008F7B8C /* unix.cpp */,
				E10D02A521DECF55008F7B8C /* unix.h */,
				E10D02AB21DECF56008F7B8C /* utils.cpp */,
				E10D02A121DECF55008F7B8C /* utils.h */,
				E10D029E21DECF54008F7B8C /* vector.cpp */,
				E10D02A021DECF55008F7B8C /* vector.h */,
				E10D02A421DECF55008F7B8C /* version.h */,
				E10D032721E0288B008F7B8C /* WordList.h */,
				E10D02A621DECF55008F7B8C /* workspaceeditor.cpp */,
				E10D02A321DECF55008F7B8C /* workspaceeditor.h */,
				E10D02A821DECF56008F7B8C /* wrksp.cpp */,
				E10D02AA21DECF56008F7B8C /* wrksp.h */,
				E10D02A721DECF56008F7B8C /* wxpurestubs.cpp */,
			);
			sourceTree = "<group>";
		};
		E1A4BAEF21DECB65006097DD /* Products */ = {
			isa = PBXGroup;
			children = (
				E1A4BAEE21DECB65006097DD /* fmslogo-unicode */,
			);
			name = Products;
			sourceTree = "<group>";
		};
/* End PBXGroup section */

/* Begin PBXNativeTarget section */
		E1A4BAED21DECB65006097DD /* fmslogo-unicode */ = {
			isa = PBXNativeTarget;
			buildConfigurationList = E1A4BAF521DECB65006097DD /* Build configuration list for PBXNativeTarget "fmslogo-unicode" */;
			buildPhases = (
				E1A4BAEA21DECB65006097DD /* Sources */,
				E1A4BAEB21DECB65006097DD /* Frameworks */,
				E1A4BAEC21DECB65006097DD /* Copy Files */,
			);
			buildRules = (
			);
			dependencies = (
			);
			name = "fmslogo-unicode";
			productName = "fmslogo-unicode";
			productReference = E1A4BAEE21DECB65006097DD /* fmslogo-unicode */;
			productType = "com.apple.product-type.tool";
		};
/* End PBXNativeTarget section */

/* Begin PBXProject section */
		E1A4BAE621DECB65006097DD /* Project object */ = {
			isa = PBXProject;
			attributes = {
				LastUpgradeCheck = 1010;
				ORGANIZATIONNAME = yilin;
				TargetAttributes = {
					E1A4BAED21DECB65006097DD = {
						CreatedOnToolsVersion = 10.1;
					};
				};
			};
			buildConfigurationList = E1A4BAE921DECB65006097DD /* Build configuration list for PBXProject "fmslogo-unicode" */;
			compatibilityVersion = "Xcode 9.3";
			developmentRegion = en;
			hasScannedForEncodings = 0;
			knownRegions = (
				en,
			);
			mainGroup = E1A4BAE521DECB65006097DD;
			productRefGroup = E1A4BAEF21DECB65006097DD /* Products */;
			projectDirPath = "";
			projectRoot = "";
			targets = (
				E1A4BAED21DECB65006097DD /* fmslogo-unicode */,
			);
		};
/* End PBXProject section */

/* Begin PBXSourcesBuildPhase section */
		E1A4BAEA21DECB65006097DD /* Sources */ = {
			isa = PBXSourcesBuildPhase;
			buildActionMask = 2147483647;
			files = (
				E10D01DE21DECDFF008F7B8C /* dynamicbuffer.cpp in Sources */,
				E10D025F21DECE9E008F7B8C /* minieditortextctrl.cpp in Sources */,
				E10D02AC21DECF56008F7B8C /* unix.cpp in Sources */,
				E10D01DF21DECDFF008F7B8C /* devwind.cpp in Sources */,
				E10D028321DECEF9008F7B8C /* selectstartupinstruction.cpp in Sources */,
				E10D029A21DECF37008F7B8C /* startup.cpp in Sources */,
				E10D019D21DECDA3008F7B8C /* CFileTextStream.cpp in Sources */,
				E10D01C821DECDD5008F7B8C /* cursor.cpp in Sources */,
				E10D032121E02771008F7B8C /* LexFmsLogo.cxx in Sources */,
				E10D027F21DECEF9008F7B8C /* selectbox.cpp in Sources */,
				E10D01E021DECDFF008F7B8C /* error.cpp in Sources */,
				E10D01B621DECDC0008F7B8C /* commanderinput.cpp in Sources */,
				E10D029B21DECF37008F7B8C /* stringprintednode.cpp in Sources */,
				E10D01BD21DECDC0008F7B8C /* commanderbutton.cpp in Sources */,
				E10D019E21DECDA3008F7B8C /* activearea.cpp in Sources */,
				E10D020D21DECE51008F7B8C /* ibmterm.cpp in Sources */,
				E10D01FE21DECE39008F7B8C /* gbmgif.cpp in Sources */,
				E10D01A221DECDA3008F7B8C /* aboutmultiplesclerosis.cpp in Sources */,
				E10D020E21DECE51008F7B8C /* helputils.cpp in Sources */,
				E10D02AE21DECF56008F7B8C /* threed.cpp in Sources */,
				E10D023E21DECE73008F7B8C /* intern.cpp in Sources */,
				E10D02AD21DECF56008F7B8C /* vector.cpp in Sources */,
				E10D026321DECE9E008F7B8C /* paren.cpp in Sources */,
				E10D01B921DECDC0008F7B8C /* commandertogglebutton.cpp in Sources */,
				E10D025E21DECE9E008F7B8C /* parse.cpp in Sources */,
				E10D02AF21DECF56008F7B8C /* workspaceeditor.cpp in Sources */,
				E10D023A21DECE73008F7B8C /* logodata.cpp in Sources */,
				E10D01C721DECDD5008F7B8C /* CStringTextStream.cpp in Sources */,
				E10D028921DECF0F008F7B8C /* sort.cpp in Sources */,
				E10D026A21DECEB9008F7B8C /* questionbox.cpp in Sources */,
				E10D028021DECEF9008F7B8C /* setactivearea.cpp in Sources */,
				E10D033021E11147008F7B8C /* CUTF16FileTextStream.cpp in Sources */,
				E10D020521DECE39008F7B8C /* graphwin.cpp in Sources */,
				E10D029921DECF37008F7B8C /* term.cpp in Sources */,
				E10D020421DECE39008F7B8C /* gbmsize.cpp in Sources */,
				E10D026221DECE9E008F7B8C /* minieditor.cpp in Sources */,
				E10D01B521DECDC0008F7B8C /* coms.cpp in Sources */,
				E10D024821DECE87008F7B8C /* logomath.cpp in Sources */,
				E10D020021DECE39008F7B8C /* graphics.cpp in Sources */,
				E10D01A021DECDA3008F7B8C /* appendablelist.cpp in Sources */,
				E10D020321DECE39008F7B8C /* guiutils.cpp in Sources */,
				E10D01E121DECDFF008F7B8C /* editproceduredialog.cpp in Sources */,
				E10D023D21DECE73008F7B8C /* logodialogboxes.cpp in Sources */,
				E10D01BA21DECDC0008F7B8C /* CMbcsFileTextStream.cpp in Sources */,
				E10D01FF21DECE39008F7B8C /* gbm.cpp in Sources */,
				E10D01E221DECDFF008F7B8C /* eraseproceduredialog.cpp in Sources */,
				E10D020621DECE39008F7B8C /* fontutils.cpp in Sources */,
				E10D024021DECE73008F7B8C /* localizednode.cpp in Sources */,
				E10D018921DECD44008F7B8C /* 3dsolid.cpp in Sources */,
				E10D01E821DECE0F008F7B8C /* files.cpp in Sources */,
				E10D023C21DECE73008F7B8C /* lists.cpp in Sources */,
				E10D020221DECE39008F7B8C /* gbmhelp.cpp in Sources */,
				E10D023F21DECE73008F7B8C /* localizedstrings.cpp in Sources */,
				E10D01BB21DECDC0008F7B8C /* CLocalizedStringProvider.cpp in Sources */,
				E10D02B221DECF56008F7B8C /* utils.cpp in Sources */,
				E10D033121E11147008F7B8C /* CUTF8FileTextStream.cpp in Sources */,
				E10D028121DECEF9008F7B8C /* selectproceduredialog.cpp in Sources */,
				E10D025D21DECE9E008F7B8C /* mem.cpp in Sources */,
				E10D01EC21DECE22008F7B8C /* FMSLogo.cpp in Sources */,
				E10D02B021DECF56008F7B8C /* wxpurestubs.cpp in Sources */,
				E10D019C21DECDA3008F7B8C /* argumentutils.cpp in Sources */,
				E10D019B21DECDA3008F7B8C /* CConstStringTextReadonlyStream.cpp in Sources */,
				E10D01E321DECDFF008F7B8C /* eval.cpp in Sources */,
				E10D027121DECEDF008F7B8C /* screen.cpp in Sources */,
				E10D026921DECEB9008F7B8C /* print.cpp in Sources */,
				E10D020121DECE39008F7B8C /* gbmbmp.cpp in Sources */,
				E10D024A21DECE87008F7B8C /* mainwind.cpp in Sources */,
				E10D01E921DECE0F008F7B8C /* fileswnd.cpp in Sources */,
				E10D026E21DECECB008F7B8C /* savebeforeexitdialog.cpp in Sources */,
				E10D025C21DECE9E008F7B8C /* messagebox.cpp in Sources */,
				E10D020F21DECE51008F7B8C /* init.cpp in Sources */,
				E10D019F21DECDA3008F7B8C /* aboutfmslogo.cpp in Sources */,
				E10D023921DECE73008F7B8C /* logocodectrl.cpp in Sources */,
				E10D029C21DECF37008F7B8C /* statusdialog.cpp in Sources */,
				E10D02B121DECF56008F7B8C /* wrksp.cpp in Sources */,
				E10D028221DECEF9008F7B8C /* setcolor.cpp in Sources */,
				E10D01BC21DECDC0008F7B8C /* commanderhistory.cpp in Sources */,
				E10D028421DECEF9008F7B8C /* setpensize.cpp in Sources */,
				E10D023B21DECE73008F7B8C /* logoeventqueue.cpp in Sources */,
				E10D024921DECE87008F7B8C /* mainframe.cpp in Sources */,
				E10D01B721DECDC0008F7B8C /* CNodePrinter.cpp in Sources */,
				E10D01B821DECDC0008F7B8C /* commander.cpp in Sources */,
				E10D01A121DECDA3008F7B8C /* avltree.cpp in Sources */,
				E10D01C921DECDD5008F7B8C /* CTextStream.cpp in Sources */,
			);
			runOnlyForDeploymentPostprocessing = 0;
		};
/* End PBXSourcesBuildPhase section */

/* Begin XCBuildConfiguration section */
		E1A4BAF321DECB65006097DD /* Debug */ = {
			isa = XCBuildConfiguration;
			buildSettings = {
				ALWAYS_SEARCH_USER_PATHS = NO;
				CLANG_ANALYZER_NONNULL = YES;
				CLANG_ANALYZER_NUMBER_OBJECT_CONVERSION = YES_AGGRESSIVE;
				CLANG_CXX_LANGUAGE_STANDARD = "gnu++14";
				CLANG_CXX_LIBRARY = "libc++";
				CLANG_ENABLE_MODULES = YES;
				CLANG_ENABLE_OBJC_ARC = YES;
				CLANG_ENABLE_OBJC_WEAK = YES;
				CLANG_WARN_BLOCK_CAPTURE_AUTORELEASING = YES;
				CLANG_WARN_BOOL_CONVERSION = YES;
				CLANG_WARN_COMMA = YES;
				CLANG_WARN_CONSTANT_CONVERSION = YES;
				CLANG_WARN_DEPRECATED_OBJC_IMPLEMENTATIONS = YES;
				CLANG_WARN_DIRECT_OBJC_ISA_USAGE = YES_ERROR;
				CLANG_WARN_DOCUMENTATION_COMMENTS = YES;
				CLANG_WARN_EMPTY_BODY = YES;
				CLANG_WARN_ENUM_CONVERSION = YES;
				CLANG_WARN_INFINITE_RECURSION = YES;
				CLANG_WARN_INT_CONVERSION = YES;
				CLANG_WARN_NON_LITERAL_NULL_CONVERSION = YES;
				CLANG_WARN_OBJC_IMPLICIT_RETAIN_SELF = YES;
				CLANG_WARN_OBJC_LITERAL_CONVERSION = YES;
				CLANG_WARN_OBJC_ROOT_CLASS = YES_ERROR;
				CLANG_WARN_RANGE_LOOP_ANALYSIS = YES;
				CLANG_WARN_STRICT_PROTOTYPES = YES;
				CLANG_WARN_SUSPICIOUS_MOVE = YES;
				CLANG_WARN_UNGUARDED_AVAILABILITY = YES_AGGRESSIVE;
				CLANG_WARN_UNREACHABLE_CODE = YES;
				CLANG_WARN__DUPLICATE_METHOD_MATCH = YES;
				CODE_SIGN_IDENTITY = "-";
				COPY_PHASE_STRIP = NO;
				DEBUG_INFORMATION_FORMAT = dwarf;
				ENABLE_STRICT_OBJC_MSGSEND = YES;
				ENABLE_TESTABILITY = YES;
				GCC_C_LANGUAGE_STANDARD = gnu11;
				GCC_DYNAMIC_NO_PIC = NO;
				GCC_NO_COMMON_BLOCKS = YES;
				GCC_OPTIMIZATION_LEVEL = 0;
				GCC_PREPROCESSOR_DEFINITIONS = (
					__WXOSX_COCOA__,
					DX_PURE,
					FMSLOGO_WXWIDGETS,
				);
				GCC_WARN_64_TO_32_BIT_CONVERSION = YES;
				GCC_WARN_ABOUT_RETURN_TYPE = YES_ERROR;
				GCC_WARN_UNDECLARED_SELECTOR = YES;
				GCC_WARN_UNINITIALIZED_AUTOS = YES_AGGRESSIVE;
				GCC_WARN_UNUSED_FUNCTION = YES;
				GCC_WARN_UNUSED_VARIABLE = YES;
				HEADER_SEARCH_PATHS = (
					"/usr/local/include/wx-3.1",
					"/usr/local/lib/wx/include/gtk3-unicode-static-3.1",
					./scintilla,
					./scintilla/include,
				);
				LIBRARY_SEARCH_PATHS = (
					/usr/local/lib,
					"/**",
				);
				MACOSX_DEPLOYMENT_TARGET = 10.14;
				MTL_ENABLE_DEBUG_INFO = INCLUDE_SOURCE;
				MTL_FAST_MATH = YES;
				ONLY_ACTIVE_ARCH = YES;
				SDKROOT = macosx;
				SYMROOT = Debug;
			};
			name = Debug;
		};
		E1A4BAF421DECB65006097DD /* Release */ = {
			isa = XCBuildConfiguration;
			buildSettings = {
				ALWAYS_SEARCH_USER_PATHS = NO;
				CLANG_ANALYZER_NONNULL = YES;
				CLANG_ANALYZER_NUMBER_OBJECT_CONVERSION = YES_AGGRESSIVE;
				CLANG_CXX_LANGUAGE_STANDARD = "gnu++14";
				CLANG_CXX_LIBRARY = "libc++";
				CLANG_ENABLE_MODULES = YES;
				CLANG_ENABLE_OBJC_ARC = YES;
				CLANG_ENABLE_OBJC_WEAK = YES;
				CLANG_WARN_BLOCK_CAPTURE_AUTORELEASING = YES;
				CLANG_WARN_BOOL_CONVERSION = YES;
				CLANG_WARN_COMMA = YES;
				CLANG_WARN_CONSTANT_CONVERSION = YES;
				CLANG_WARN_DEPRECATED_OBJC_IMPLEMENTATIONS = YES;
				CLANG_WARN_DIRECT_OBJC_ISA_USAGE = YES_ERROR;
				CLANG_WARN_DOCUMENTATION_COMMENTS = YES;
				CLANG_WARN_EMPTY_BODY = YES;
				CLANG_WARN_ENUM_CONVERSION = YES;
				CLANG_WARN_INFINITE_RECURSION = YES;
				CLANG_WARN_INT_CONVERSION = YES;
				CLANG_WARN_NON_LITERAL_NULL_CONVERSION = YES;
				CLANG_WARN_OBJC_IMPLICIT_RETAIN_SELF = YES;
				CLANG_WARN_OBJC_LITERAL_CONVERSION = YES;
				CLANG_WARN_OBJC_ROOT_CLASS = YES_ERROR;
				CLANG_WARN_RANGE_LOOP_ANALYSIS = YES;
				CLANG_WARN_STRICT_PROTOTYPES = YES;
				CLANG_WARN_SUSPICIOUS_MOVE = YES;
				CLANG_WARN_UNGUARDED_AVAILABILITY = YES_AGGRESSIVE;
				CLANG_WARN_UNREACHABLE_CODE = YES;
				CLANG_WARN__DUPLICATE_METHOD_MATCH = YES;
				CODE_SIGN_IDENTITY = "-";
				COPY_PHASE_STRIP = NO;
				DEBUG_INFORMATION_FORMAT = "dwarf-with-dsym";
				ENABLE_NS_ASSERTIONS = NO;
				ENABLE_STRICT_OBJC_MSGSEND = YES;
				GCC_C_LANGUAGE_STANDARD = gnu11;
				GCC_NO_COMMON_BLOCKS = YES;
				GCC_PREPROCESSOR_DEFINITIONS = (
					__WXOSX_COCOA__,
					DX_PURE,
					FMSLOGO_WXWIDGETS,
				);
				GCC_WARN_64_TO_32_BIT_CONVERSION = YES;
				GCC_WARN_ABOUT_RETURN_TYPE = YES_ERROR;
				GCC_WARN_UNDECLARED_SELECTOR = YES;
				GCC_WARN_UNINITIALIZED_AUTOS = YES_AGGRESSIVE;
				GCC_WARN_UNUSED_FUNCTION = YES;
				GCC_WARN_UNUSED_VARIABLE = YES;
				HEADER_SEARCH_PATHS = (
					"/usr/local/include/wx-3.1",
					"/usr/local/lib/wx/include/gtk3-unicode-static-3.1",
					./scintilla,
					./scintilla/include,
				);
				LIBRARY_SEARCH_PATHS = (
					/usr/local/lib,
					"/**",
				);
				MACOSX_DEPLOYMENT_TARGET = 10.14;
				MTL_ENABLE_DEBUG_INFO = NO;
				MTL_FAST_MATH = YES;
				SDKROOT = macosx;
				SYMROOT = Release;
			};
			name = Release;
		};
		E1A4BAF621DECB65006097DD /* Debug */ = {
			isa = XCBuildConfiguration;
			buildSettings = {
				CODE_SIGN_STYLE = Automatic;
				GCC_PREPROCESSOR_DEFINITIONS = (
					__WXOSX_COCOA__,
					WX_PURE,
					FMSLOGO_WXWIDGETS,
				);
				HEADER_SEARCH_PATHS = (
					"/usr/local/include/wx-3.1",
					"/usr/local/lib/wx/include/osx_cocoa-unicode-static-3.1",
				);
				LIBRARY_SEARCH_PATHS = /usr/local/lib;
				PRODUCT_NAME = "$(TARGET_NAME)";
			};
			name = Debug;
		};
		E1A4BAF721DECB65006097DD /* Release */ = {
			isa = XCBuildConfiguration;
			buildSettings = {
				CODE_SIGN_STYLE = Automatic;
				GCC_PREPROCESSOR_DEFINITIONS = (
					__WXOSX_COCOA__,
					WX_PURE,
					FMSLOGO_WXWIDGETS,
				);
				HEADER_SEARCH_PATHS = (
					"/usr/local/include/wx-3.1",
					"/usr/local/lib/wx/include/osx_cocoa-unicode-static-3.1",
				);
				LIBRARY_SEARCH_PATHS = /usr/local/lib;
				PRODUCT_NAME = "$(TARGET_NAME)";
			};
			name = Release;
		};
/* End XCBuildConfiguration section */

/* Begin XCConfigurationList section */
		E1A4BAE921DECB65006097DD /* Build configuration list for PBXProject "fmslogo-unicode" */ = {
			isa = XCConfigurationList;
			buildConfigurations = (
				E1A4BAF321DECB65006097DD /* Debug */,
				E1A4BAF421DECB65006097DD /* Release */,
			);
			defaultConfigurationIsVisible = 0;
			defaultConfigurationName = Release;
		};
		E1A4BAF521DECB65006097DD /* Build configuration list for PBXNativeTarget "fmslogo-unicode" */ = {
			isa = XCConfigurationList;
			buildConfigurations = (
				E1A4BAF621DECB65006097DD /* Debug */,
				E1A4BAF721DECB65006097DD /* Release */,
			);
			defaultConfigurationIsVisible = 0;
			defaultConfigurationName = Release;
		};
/* End XCConfigurationList section */
	};
	rootObject = E1A4BAE621DECB65006097DD /* Project object */;
}
